<?xml version="1.0" encoding="UTF-8"?>
<Scheme
   LastUpgradeVersion = "1230"
   version = "1.3">
   <BuildAction
      parallelizeBuildables = "YES"
      buildImplicitDependencies = "YES">
      <BuildActionEntries>
         <BuildActionEntry
            buildForTesting = "YES"
            buildForRunning = "YES"
            buildForProfiling = "YES"
            buildForArchiving = "YES"
            buildForAnalyzing = "YES">
            <BuildableReference
               BuildableIdentifier = "primary"
               BlueprintIdentifier = "5D696092258713760058BABE"
               BuildableName = "CopDeck.app"
               BlueprintName = "CopDeck"
               ReferencedContainer = "container:SneakersnShit.xcodeproj">
            </BuildableReference>
         </BuildActionEntry>
      </BuildActionEntries>
   </BuildAction>
   <TestAction
      buildConfiguration = "Debug"
      selectedDebuggerIdentifier = "Xcode.DebuggerFoundation.Debugger.LLDB"
      selectedLauncherIdentifier = "Xcode.DebuggerFoundation.Launcher.LLDB"
      shouldUseLaunchSchemeArgsEnv = "YES">
      <Testables>
      </Testables>
   </TestAction>
   <LaunchAction
      buildConfiguration = "Debug"
      selectedDebuggerIdentifier = "Xcode.DebuggerFoundation.Debugger.LLDB"
      selectedLauncherIdentifier = "Xcode.DebuggerFoundation.Launcher.LLDB"
      launchStyle = "0"
      useCustomWorkingDirectory = "NO"
      ignoresPersistentStateOnLaunch = "NO"
      debugDocumentVersioning = "YES"
      debugServiceExtension = "internal"
      allowLocationSimulation = "YES"
      queueDebuggingEnabled = "No"
      memoryGraphOnResourceException = "Yes">
      <BuildableProductRunnable
         runnableDebuggingMode = "0">
         <BuildableReference
            BuildableIdentifier = "primary"
            BlueprintIdentifier = "5D696092258713760058BABE"
            BuildableName = "CopDeck.app"
            BlueprintName = "CopDeck"
            ReferencedContainer = "container:SneakersnShit.xcodeproj">
         </BuildableReference>
      </BuildableProductRunnable>
      <CommandLineArguments>
         <CommandLineArgument
            argument = "-FIRDebugEnabled"
            isEnabled = "NO">
         </CommandLineArgument>
         <CommandLineArgument
            argument = "-FIRDebugDisabled "
            isEnabled = "YES">
         </CommandLineArgument>
      </CommandLineArguments>
      <EnvironmentVariables>
         <EnvironmentVariable
            key = "username"
            value = "kreiszistvan@icloud.com"
            isEnabled = "YES">
         </EnvironmentVariable>
         <EnvironmentVariable
            key = "loginAs"
            value = "YPOWpxSGAqZfKQnYoU58B3UUnG12"
            isEnabled = "NO">
         </EnvironmentVariable>
         <EnvironmentVariable
            key = "ipAddress"
            value = "192.168.0.78"
            isEnabled = "YES">
         </EnvironmentVariable>
         <EnvironmentVariable
            key = "blockImageDownload"
            value = "true"
            isEnabled = "NO">
         </EnvironmentVariable>
         <EnvironmentVariable
            key = "showCacheLogs"
            value = "true"
            isEnabled = "NO">
         </EnvironmentVariable>
         <EnvironmentVariable
            key = "clearUserDefaults"
            value = "true"
            isEnabled = "NO">
         </EnvironmentVariable>
         <EnvironmentVariable
            key = "itemPricesRefreshPeriodMin"
            value = "0.2"
            isEnabled = "NO">
         </EnvironmentVariable>
         <EnvironmentVariable
            key = "pricesRefreshPeriodMin"
            value = "0.2"
            isEnabled = "NO">
         </EnvironmentVariable>
         <EnvironmentVariable
            key = "password"
            value = "Kakikukker7298"
            isEnabled = "YES">
         </EnvironmentVariable>
         <EnvironmentVariable
            key = "useFunctionsEmulator"
            value = "true"
            isEnabled = "YES">
         </EnvironmentVariable>
         <EnvironmentVariable
            key = "useFirestoreEmulator"
            value = "true"
            isEnabled = "NO">
         </EnvironmentVariable>
         <EnvironmentVariable
            key = "showScraperLogs"
            value = "true"
            isEnabled = "YES">
         </EnvironmentVariable>
         <EnvironmentVariable
            key = "showReduxLogs"
            value = "true"
            isEnabled = "NO">
         </EnvironmentVariable>
         <EnvironmentVariable
            key = "showDatabaseLogs"
            value = "true"
            isEnabled = "YES">
         </EnvironmentVariable>
         <EnvironmentVariable
            key = "showScrapingLogs"
            value = "true"
            isEnabled = "NO">
         </EnvironmentVariable>
         <EnvironmentVariable
            key = "showErrorLogs"
            value = "true"
            isEnabled = "NO">
         </EnvironmentVariable>
      </EnvironmentVariables>
      <AdditionalOptions>
         <AdditionalOption
            key = "MallocStackLogging"
            value = ""
            isEnabled = "YES">
         </AdditionalOption>
         <AdditionalOption
            key = "PrefersMallocStackLoggingLite"
            value = ""
            isEnabled = "YES">
         </AdditionalOption>
         <AdditionalOption
            key = "MallocScribble"
            value = ""
            isEnabled = "YES">
         </AdditionalOption>
      </AdditionalOptions>
   </LaunchAction>
   <ProfileAction
      buildConfiguration = "Release"
      shouldUseLaunchSchemeArgsEnv = "YES"
      savedToolIdentifier = ""
      useCustomWorkingDirectory = "NO"
      debugDocumentVersioning = "YES">
      <BuildableProductRunnable
         runnableDebuggingMode = "0">
         <BuildableReference
            BuildableIdentifier = "primary"
            BlueprintIdentifier = "5D696092258713760058BABE"
            BuildableName = "CopDeck.app"
            BlueprintName = "CopDeck"
            ReferencedContainer = "container:SneakersnShit.xcodeproj">
         </BuildableReference>
      </BuildableProductRunnable>
   </ProfileAction>
   <AnalyzeAction
      buildConfiguration = "Debug">
   </AnalyzeAction>
   <ArchiveAction
      buildConfiguration = "Release"
      revealArchiveInOrganizer = "YES">
   </ArchiveAction>
</Scheme>
