// !$*UTF8*$!
{
	archiveVersion = 1;
	classes = {
	};
	objectVersion = 52;
	objects = {

/* Begin PBXBuildFile section */
		5D0E5A11269E4EDE006D7E9C /* AddToInventoryView.swift in Sources */ = {isa = PBXBuildFile; fileRef = 5D0E5A10269E4EDE006D7E9C /* AddToInventoryView.swift */; };
		5D0E5A13269E60DB006D7E9C /* TextFieldRounded.swift in Sources */ = {isa = PBXBuildFile; fileRef = 5D0E5A12269E60DB006D7E9C /* TextFieldRounded.swift */; };
		5D19B0AB26A6D76600A31F4E /* MainAction.swift in Sources */ = {isa = PBXBuildFile; fileRef = 5D19B0A926A6D76600A31F4E /* MainAction.swift */; };
		5D19B0AC26A6D76600A31F4E /* ErrorAction.swift in Sources */ = {isa = PBXBuildFile; fileRef = 5D19B0AA26A6D76600A31F4E /* ErrorAction.swift */; };
		5D19B0AE26A6D7CA00A31F4E /* AuthenticationAction.swift in Sources */ = {isa = PBXBuildFile; fileRef = 5D19B0AD26A6D7CA00A31F4E /* AuthenticationAction.swift */; };
		5D19B0D426A6F0DC00A31F4E /* CopDeckApp.swift in Sources */ = {isa = PBXBuildFile; fileRef = 5D19B0D326A6F0DC00A31F4E /* CopDeckApp.swift */; };
		5D2119E125DB0EFA001FE5E5 /* GoogleService-Info.plist in Resources */ = {isa = PBXBuildFile; fileRef = 5D2119E025DB0EFA001FE5E5 /* GoogleService-Info.plist */; };
		5D2D5AA025C529E3009598AA /* API.swift in Sources */ = {isa = PBXBuildFile; fileRef = 5D2D5A9F25C529E3009598AA /* API.swift */; };
		5D2D5AA325C52E9B009598AA /* AppState.swift in Sources */ = {isa = PBXBuildFile; fileRef = 5D2D5AA225C52E9B009598AA /* AppState.swift */; };
		5D2D5AAF25C552B0009598AA /* BackendAPI.swift in Sources */ = {isa = PBXBuildFile; fileRef = 5D2D5AAE25C552B0009598AA /* BackendAPI.swift */; };
		5D30BA42269C3EAD0062F6AB /* CustomSpinner.swift in Sources */ = {isa = PBXBuildFile; fileRef = 5D30BA41269C3EAD0062F6AB /* CustomSpinner.swift */; };
		5D36AA0B269E46300049640A /* TabBar.swift in Sources */ = {isa = PBXBuildFile; fileRef = 5D36AA0A269E46300049640A /* TabBar.swift */; };
		5D3769762611709C00F9ED72 /* Debouncer.swift in Sources */ = {isa = PBXBuildFile; fileRef = 5D3769752611709C00F9ED72 /* Debouncer.swift */; };
		5D376979261174E100F9ED72 /* IdAble.swift in Sources */ = {isa = PBXBuildFile; fileRef = 5D376978261174E100F9ED72 /* IdAble.swift */; };
		5D3DE37426AFA96D009E4D52 /* UINavigationController+Extensions.swift in Sources */ = {isa = PBXBuildFile; fileRef = 5D3DE37326AFA96D009E4D52 /* UINavigationController+Extensions.swift */; };
		5D3DE37626AFAB54009E4D52 /* CountrySelector.swift in Sources */ = {isa = PBXBuildFile; fileRef = 5D3DE37526AFAB54009E4D52 /* CountrySelector.swift */; };
		5D3E872125C5CCD700FC65FE /* SearchView.swift in Sources */ = {isa = PBXBuildFile; fileRef = 5D3E872025C5CCD700FC65FE /* SearchView.swift */; };
		5D3E872525C5D3FC00FC65FE /* Array+Extensions.swift in Sources */ = {isa = PBXBuildFile; fileRef = 5D3E872425C5D3FC00FC65FE /* Array+Extensions.swift */; };
		5D424CAE25C4FDCC0008D6F4 /* SignInButton.swift in Sources */ = {isa = PBXBuildFile; fileRef = 5D424CAB25C4FDCC0008D6F4 /* SignInButton.swift */; };
		5D424CD425C4FF2F0008D6F4 /* IAPManager.swift in Sources */ = {isa = PBXBuildFile; fileRef = 5D424CD325C4FF2F0008D6F4 /* IAPManager.swift */; };
		5D424CEE25C502F90008D6F4 /* Colors.swift in Sources */ = {isa = PBXBuildFile; fileRef = 5D424CED25C502F90008D6F4 /* Colors.swift */; };
		5D424CF225C503120008D6F4 /* Colors.xcassets in Resources */ = {isa = PBXBuildFile; fileRef = 5D424CF125C503120008D6F4 /* Colors.xcassets */; };
		5D424CF725C503D10008D6F4 /* UIScreen+Extensions.swift in Sources */ = {isa = PBXBuildFile; fileRef = 5D424CF625C503D10008D6F4 /* UIScreen+Extensions.swift */; };
		5D424CFB25C503F00008D6F4 /* UIApplication+Extensions.swift in Sources */ = {isa = PBXBuildFile; fileRef = 5D424CFA25C503F00008D6F4 /* UIApplication+Extensions.swift */; };
		5D424CFF25C5041E0008D6F4 /* DebugSettings.swift in Sources */ = {isa = PBXBuildFile; fileRef = 5D424CFE25C5041E0008D6F4 /* DebugSettings.swift */; };
		5D424D0425C504510008D6F4 /* EmailValidator.swift in Sources */ = {isa = PBXBuildFile; fileRef = 5D424D0325C504510008D6F4 /* EmailValidator.swift */; };
		5D424D0825C504AF0008D6F4 /* RootView.swift in Sources */ = {isa = PBXBuildFile; fileRef = 5D424D0725C504AF0008D6F4 /* RootView.swift */; };
		5D424D1A25C505450008D6F4 /* InfoPopupView.swift in Sources */ = {isa = PBXBuildFile; fileRef = 5D424D0E25C505450008D6F4 /* InfoPopupView.swift */; };
		5D424D1C25C505450008D6F4 /* Spinner.swift in Sources */ = {isa = PBXBuildFile; fileRef = 5D424D1025C505450008D6F4 /* Spinner.swift */; };
		5D424D1D25C505450008D6F4 /* Modifiers.swift in Sources */ = {isa = PBXBuildFile; fileRef = 5D424D1125C505450008D6F4 /* Modifiers.swift */; };
		5D424D2025C505450008D6F4 /* TextFieldUnderlined.swift in Sources */ = {isa = PBXBuildFile; fileRef = 5D424D1525C505450008D6F4 /* TextFieldUnderlined.swift */; };
		5D424D2125C505450008D6F4 /* DimView.swift in Sources */ = {isa = PBXBuildFile; fileRef = 5D424D1625C505450008D6F4 /* DimView.swift */; };
		5D424D2E25C509530008D6F4 /* Karla-ExtraBold.ttf in Resources */ = {isa = PBXBuildFile; fileRef = 5D424CD725C501B20008D6F4 /* Karla-ExtraBold.ttf */; };
		5D424D3025C5095B0008D6F4 /* Karla-ExtraLight.ttf in Resources */ = {isa = PBXBuildFile; fileRef = 5D424CD925C501B20008D6F4 /* Karla-ExtraLight.ttf */; };
		5D424D3E25C509610008D6F4 /* Karla-Medium.ttf in Resources */ = {isa = PBXBuildFile; fileRef = 5D424CDD25C501B20008D6F4 /* Karla-Medium.ttf */; };
		5D424D3F25C509610008D6F4 /* Karla-Bold.ttf in Resources */ = {isa = PBXBuildFile; fileRef = 5D424CD825C501B20008D6F4 /* Karla-Bold.ttf */; };
		5D424D4025C509610008D6F4 /* Karla-Regular.ttf in Resources */ = {isa = PBXBuildFile; fileRef = 5D424CDF25C501B30008D6F4 /* Karla-Regular.ttf */; };
		5D424D4125C509610008D6F4 /* Karla-Light.ttf in Resources */ = {isa = PBXBuildFile; fileRef = 5D424CDA25C501B20008D6F4 /* Karla-Light.ttf */; };
		5D424D4225C509610008D6F4 /* Fonts.swift in Sources */ = {isa = PBXBuildFile; fileRef = 5D424CE725C5024B0008D6F4 /* Fonts.swift */; };
		5D424D4325C509610008D6F4 /* Karla-SemiBold.ttf in Resources */ = {isa = PBXBuildFile; fileRef = 5D424CE025C501B30008D6F4 /* Karla-SemiBold.ttf */; };
		5D424D4725C509AD0008D6F4 /* SignUpView.swift in Sources */ = {isa = PBXBuildFile; fileRef = 5D424D4625C509AD0008D6F4 /* SignUpView.swift */; };
		5D424D4B25C509D20008D6F4 /* PasswordResetView.swift in Sources */ = {isa = PBXBuildFile; fileRef = 5D424D4A25C509D20008D6F4 /* PasswordResetView.swift */; };
		5D488E8925C8D54E00624FEF /* AppError.swift in Sources */ = {isa = PBXBuildFile; fileRef = 5D488E8825C8D54E00624FEF /* AppError.swift */; };
		5D52E307261303AF00FA02B8 /* Publishers+Extensions.swift in Sources */ = {isa = PBXBuildFile; fileRef = 5D52E306261303AF00FA02B8 /* Publishers+Extensions.swift */; };
		5D52E30B2613063B00FA02B8 /* Encodable+Extensions.swift in Sources */ = {isa = PBXBuildFile; fileRef = 5D52E30A2613063B00FA02B8 /* Encodable+Extensions.swift */; };
		5D52E30F26130E2100FA02B8 /* InventoryView.swift in Sources */ = {isa = PBXBuildFile; fileRef = 5D52E30E26130E2100FA02B8 /* InventoryView.swift */; };
		5D52E31226130E7500FA02B8 /* InventoryItemDetailView.swift in Sources */ = {isa = PBXBuildFile; fileRef = 5D52E31126130E7500FA02B8 /* InventoryItemDetailView.swift */; };
		5D53A1F226AF2A61001DAA8D /* AccessoryButton.swift in Sources */ = {isa = PBXBuildFile; fileRef = 5D53A1F126AF2A61001DAA8D /* AccessoryButton.swift */; };
		5D53A1F526AF5649001DAA8D /* SettingsView.swift in Sources */ = {isa = PBXBuildFile; fileRef = 5D53A1F426AF5649001DAA8D /* SettingsView.swift */; };
		5D54FE2626C2C84F008CD05F /* HorizontalListItem.swift in Sources */ = {isa = PBXBuildFile; fileRef = 5D54FE2526C2C84F008CD05F /* HorizontalListItem.swift */; };
		5D631220269330B900876D99 /* APIConfig.swift in Sources */ = {isa = PBXBuildFile; fileRef = 5D63121F269330B900876D99 /* APIConfig.swift */; };
		5D6312222694797300876D99 /* Item.swift in Sources */ = {isa = PBXBuildFile; fileRef = 5D6312212694797300876D99 /* Item.swift */; };
		5D6312242694D83100876D99 /* Decodable+Extensions.swift in Sources */ = {isa = PBXBuildFile; fileRef = 5D6312232694D83100876D99 /* Decodable+Extensions.swift */; };
		5D63122B2695066500876D99 /* ExchangeRates.swift in Sources */ = {isa = PBXBuildFile; fileRef = 5D63122A2695066500876D99 /* ExchangeRates.swift */; };
		5D63122D2695068300876D99 /* Currency.swift in Sources */ = {isa = PBXBuildFile; fileRef = 5D63122C2695068300876D99 /* Currency.swift */; };
		5D63122F269506AE00876D99 /* User.swift in Sources */ = {isa = PBXBuildFile; fileRef = 5D63122E269506AE00876D99 /* User.swift */; };
		5D63123A26950A5900876D99 /* Stores.swift in Sources */ = {isa = PBXBuildFile; fileRef = 5D63123926950A5900876D99 /* Stores.swift */; };
		5D63124426950B2900876D99 /* AppAction.swift in Sources */ = {isa = PBXBuildFile; fileRef = 5D63124326950B2900876D99 /* AppAction.swift */; };
		5D63125026950CB400876D99 /* AppReducer.swift in Sources */ = {isa = PBXBuildFile; fileRef = 5D63124F26950CB400876D99 /* AppReducer.swift */; };
		5D631253269668FE00876D99 /* JSNativeBridge.swift in Sources */ = {isa = PBXBuildFile; fileRef = 5D631252269668FE00876D99 /* JSNativeBridge.swift */; };
		5D6312552696696500876D99 /* JSLogger.swift in Sources */ = {isa = PBXBuildFile; fileRef = 5D6312542696696500876D99 /* JSLogger.swift */; };
		5D631257269669A600876D99 /* DefaultDataController.swift in Sources */ = {isa = PBXBuildFile; fileRef = 5D631256269669A600876D99 /* DefaultDataController.swift */; };
		5D696097258713760058BABE /* AppDelegate.swift in Sources */ = {isa = PBXBuildFile; fileRef = 5D696096258713760058BABE /* AppDelegate.swift */; };
		5D69609B258713760058BABE /* LoginView.swift in Sources */ = {isa = PBXBuildFile; fileRef = 5D69609A258713760058BABE /* LoginView.swift */; };
		5D69609D258713770058BABE /* Assets.xcassets in Resources */ = {isa = PBXBuildFile; fileRef = 5D69609C258713770058BABE /* Assets.xcassets */; };
		5D6960A0258713770058BABE /* Preview Assets.xcassets in Resources */ = {isa = PBXBuildFile; fileRef = 5D69609F258713770058BABE /* Preview Assets.xcassets */; };
		5D6960A3258713770058BABE /* LaunchScreen.storyboard in Resources */ = {isa = PBXBuildFile; fileRef = 5D6960A1258713770058BABE /* LaunchScreen.storyboard */; };
		5D6960AD2587149A0058BABE /* ReduxStore.swift in Sources */ = {isa = PBXBuildFile; fileRef = 5D6960AC2587149A0058BABE /* ReduxStore.swift */; };
		5D6960BA258717430058BABE /* World.swift in Sources */ = {isa = PBXBuildFile; fileRef = 5D6960B9258717430058BABE /* World.swift */; };
		5D6B112C26A4660500B6B67A /* Styles.swift in Sources */ = {isa = PBXBuildFile; fileRef = 5D6B112B26A4660500B6B67A /* Styles.swift */; };
		5D6B112E26A46E3A00B6B67A /* NavigationBar.swift in Sources */ = {isa = PBXBuildFile; fileRef = 5D6B112D26A46E3A00B6B67A /* NavigationBar.swift */; };
		5D7B17CC26868CA60065D01C /* Scraper.swift in Sources */ = {isa = PBXBuildFile; fileRef = 5D7B17CB26868CA60065D01C /* Scraper.swift */; };
		5D83156B25C397C4008AB948 /* MainView.swift in Sources */ = {isa = PBXBuildFile; fileRef = 5D83156A25C397C4008AB948 /* MainView.swift */; };
		5D8ABBBA26B0B51200AFD8CF /* Snackbar.swift in Sources */ = {isa = PBXBuildFile; fileRef = 5D8ABBB926B0B51200AFD8CF /* Snackbar.swift */; };
		5D8ABBBF26B1C82500AFD8CF /* ScraperRequestInfo.swift in Sources */ = {isa = PBXBuildFile; fileRef = 5D8ABBBE26B1C82500AFD8CF /* ScraperRequestInfo.swift */; };
		5D8ABBC126B1D2E100AFD8CF /* ItemImageView.swift in Sources */ = {isa = PBXBuildFile; fileRef = 5D8ABBC026B1D2E100AFD8CF /* ItemImageView.swift */; };
		5D8ABBC426B205CD00AFD8CF /* FeedView.swift in Sources */ = {isa = PBXBuildFile; fileRef = 5D8ABBC326B205CD00AFD8CF /* FeedView.swift */; };
		5D95570C269A60DA00CCC2E7 /* String+Extensions.swift in Sources */ = {isa = PBXBuildFile; fileRef = 5D95570B269A60DA00CCC2E7 /* String+Extensions.swift */; };
		5D9C8E3D269F2F31008538D6 /* RoundedButton.swift in Sources */ = {isa = PBXBuildFile; fileRef = 5D9C8E3C269F2F31008538D6 /* RoundedButton.swift */; };
		5D9C8E3F269FAB8B008538D6 /* NextButton.swift in Sources */ = {isa = PBXBuildFile; fileRef = 5D9C8E3E269FAB8B008538D6 /* NextButton.swift */; };
		5D9D51F226AC0E8F00AB1F30 /* Optional+Extensions.swift in Sources */ = {isa = PBXBuildFile; fileRef = 5D9D51F126AC0E8F00AB1F30 /* Optional+Extensions.swift */; };
		5D9D51F426AC161000AB1F30 /* DataController.swift in Sources */ = {isa = PBXBuildFile; fileRef = 5D9D51F326AC161000AB1F30 /* DataController.swift */; };
		5D9D51F826ADA07700AB1F30 /* Country.swift in Sources */ = {isa = PBXBuildFile; fileRef = 5D9D51F726ADA07700AB1F30 /* Country.swift */; };
		5D9D51FB26AE1BE500AB1F30 /* Nuke in Frameworks */ = {isa = PBXBuildFile; productRef = 5D9D51FA26AE1BE500AB1F30 /* Nuke */; };
		5D9D51FE26AE1C0B00AB1F30 /* NukeUI in Frameworks */ = {isa = PBXBuildFile; productRef = 5D9D51FD26AE1C0B00AB1F30 /* NukeUI */; };
		5D9D520026AE211900AB1F30 /* ListItem.swift in Sources */ = {isa = PBXBuildFile; fileRef = 5D9D51FF26AE211900AB1F30 /* ListItem.swift */; };
		5D9D520226AE29DB00AB1F30 /* InventoryListItem.swift in Sources */ = {isa = PBXBuildFile; fileRef = 5D9D520126AE29DB00AB1F30 /* InventoryListItem.swift */; };
		5D9D520426AE359C00AB1F30 /* InventoryViewPills.swift in Sources */ = {isa = PBXBuildFile; fileRef = 5D9D520326AE359C00AB1F30 /* InventoryViewPills.swift */; };
		5D9D520626AE361900AB1F30 /* PillView.swift in Sources */ = {isa = PBXBuildFile; fileRef = 5D9D520526AE361900AB1F30 /* PillView.swift */; };
		5D9D520826AE4CF400AB1F30 /* EditInventoryTray.swift in Sources */ = {isa = PBXBuildFile; fileRef = 5D9D520726AE4CF400AB1F30 /* EditInventoryTray.swift */; };
		5D9D520A26AF17C900AB1F30 /* ItemImageViewWithNavBar.swift in Sources */ = {isa = PBXBuildFile; fileRef = 5D9D520926AF17C900AB1F30 /* ItemImageViewWithNavBar.swift */; };
		5D9E85F126931F4300477377 /* scraper.bundle.js in Resources */ = {isa = PBXBuildFile; fileRef = 5D9E85F026931F4200477377 /* scraper.bundle.js */; };
		5DA5140426A614530067C4A2 /* FirebaseService.swift in Sources */ = {isa = PBXBuildFile; fileRef = 5DA5140026A614530067C4A2 /* FirebaseService.swift */; };
		5DA5140926A6149D0067C4A2 /* DatabaseManager.swift in Sources */ = {isa = PBXBuildFile; fileRef = 5DA5140826A6149D0067C4A2 /* DatabaseManager.swift */; };
		5DA5140B26A6161A0067C4A2 /* CopDeckSettings.swift in Sources */ = {isa = PBXBuildFile; fileRef = 5DA5140A26A6161A0067C4A2 /* CopDeckSettings.swift */; };
		5DA5140D26A650CA0067C4A2 /* SettingsAction.swift in Sources */ = {isa = PBXBuildFile; fileRef = 5DA5140C26A650CA0067C4A2 /* SettingsAction.swift */; };
		5DBCB6DD25C90A510025BC23 /* StoreReviewHelper.swift in Sources */ = {isa = PBXBuildFile; fileRef = 5DBCB6DC25C90A510025BC23 /* StoreReviewHelper.swift */; };
		5DC00EAB25C3A331009A3AB9 /* Authenticator.swift in Sources */ = {isa = PBXBuildFile; fileRef = 5DC00EAA25C3A331009A3AB9 /* Authenticator.swift */; };
		5DC00EAF25C3A387009A3AB9 /* DefaultAuthenticator.swift in Sources */ = {isa = PBXBuildFile; fileRef = 5DC00EAE25C3A387009A3AB9 /* DefaultAuthenticator.swift */; };
		5DC2C102269E098C00674756 /* Loader.swift in Sources */ = {isa = PBXBuildFile; fileRef = 5DC2C101269E098C00674756 /* Loader.swift */; };
		5DC2C105269E2BD800674756 /* View+Extensions.swift in Sources */ = {isa = PBXBuildFile; fileRef = 5DC2C104269E2BD800674756 /* View+Extensions.swift */; };
		5DC3538F26117C7F00294DF0 /* ItemDetailView.swift in Sources */ = {isa = PBXBuildFile; fileRef = 5DC3538E26117C7F00294DF0 /* ItemDetailView.swift */; };
		5DCC466826A7A96C007671BC /* FacebookCore in Frameworks */ = {isa = PBXBuildFile; productRef = 5DCC466726A7A96C007671BC /* FacebookCore */; };
		5DCC466A26A7A96C007671BC /* FacebookLogin in Frameworks */ = {isa = PBXBuildFile; productRef = 5DCC466926A7A96C007671BC /* FacebookLogin */; };
		5DCC466C26A88367007671BC /* InventoryItem.swift in Sources */ = {isa = PBXBuildFile; fileRef = 5DCC466B26A88367007671BC /* InventoryItem.swift */; };
		5DCC466E26A8CEDE007671BC /* NewItemCard.swift in Sources */ = {isa = PBXBuildFile; fileRef = 5DCC466D26A8CEDE007671BC /* NewItemCard.swift */; };
		5DCC467026A8D759007671BC /* DropDownMenu.swift in Sources */ = {isa = PBXBuildFile; fileRef = 5DCC466F26A8D759007671BC /* DropDownMenu.swift */; };
		5DCC467226A8EBB9007671BC /* ToggleButton.swift in Sources */ = {isa = PBXBuildFile; fileRef = 5DCC467126A8EBB9007671BC /* ToggleButton.swift */; };
		5DEBC088269B24BA000EEADC /* ViewRouter.swift in Sources */ = {isa = PBXBuildFile; fileRef = 5DEBC087269B24BA000EEADC /* ViewRouter.swift */; };
		5DEBC08A269B3DE8000EEADC /* Double+Extensions.swift in Sources */ = {isa = PBXBuildFile; fileRef = 5DEBC089269B3DE8000EEADC /* Double+Extensions.swift */; };
		5DF03CA725DA1BBF001856B5 /* AvatarView.swift in Sources */ = {isa = PBXBuildFile; fileRef = 5DF03CA625DA1BBF001856B5 /* AvatarView.swift */; };
		5DF03CAB25DA1CE7001856B5 /* ImageView.swift in Sources */ = {isa = PBXBuildFile; fileRef = 5DF03CAA25DA1CE7001856B5 /* ImageView.swift */; };
		C0A401BBBC5AD2E508F6A578 /* Pods_SneakersnShit.framework in Frameworks */ = {isa = PBXBuildFile; fileRef = DE80E208C5DB6897B4D1B91A /* Pods_SneakersnShit.framework */; };
/* End PBXBuildFile section */

/* Begin PBXFileReference section */
		10F05964238EC7800C0C5A21 /* Pods-SneakersnShit.debug.xcconfig */ = {isa = PBXFileReference; includeInIndex = 1; lastKnownFileType = text.xcconfig; name = "Pods-SneakersnShit.debug.xcconfig"; path = "Target Support Files/Pods-SneakersnShit/Pods-SneakersnShit.debug.xcconfig"; sourceTree = "<group>"; };
		5D0E5A10269E4EDE006D7E9C /* AddToInventoryView.swift */ = {isa = PBXFileReference; lastKnownFileType = sourcecode.swift; path = AddToInventoryView.swift; sourceTree = "<group>"; };
		5D0E5A12269E60DB006D7E9C /* TextFieldRounded.swift */ = {isa = PBXFileReference; lastKnownFileType = sourcecode.swift; path = TextFieldRounded.swift; sourceTree = "<group>"; };
		5D19B0A926A6D76600A31F4E /* MainAction.swift */ = {isa = PBXFileReference; fileEncoding = 4; lastKnownFileType = sourcecode.swift; path = MainAction.swift; sourceTree = "<group>"; };
		5D19B0AA26A6D76600A31F4E /* ErrorAction.swift */ = {isa = PBXFileReference; fileEncoding = 4; lastKnownFileType = sourcecode.swift; path = ErrorAction.swift; sourceTree = "<group>"; };
		5D19B0AD26A6D7CA00A31F4E /* AuthenticationAction.swift */ = {isa = PBXFileReference; fileEncoding = 4; lastKnownFileType = sourcecode.swift; path = AuthenticationAction.swift; sourceTree = "<group>"; };
		5D19B0D326A6F0DC00A31F4E /* CopDeckApp.swift */ = {isa = PBXFileReference; lastKnownFileType = sourcecode.swift; path = CopDeckApp.swift; sourceTree = "<group>"; };
		5D2119E025DB0EFA001FE5E5 /* GoogleService-Info.plist */ = {isa = PBXFileReference; fileEncoding = 4; lastKnownFileType = text.plist.xml; path = "GoogleService-Info.plist"; sourceTree = "<group>"; };
		5D2D5A9F25C529E3009598AA /* API.swift */ = {isa = PBXFileReference; lastKnownFileType = sourcecode.swift; path = API.swift; sourceTree = "<group>"; };
		5D2D5AA225C52E9B009598AA /* AppState.swift */ = {isa = PBXFileReference; lastKnownFileType = sourcecode.swift; path = AppState.swift; sourceTree = "<group>"; };
		5D2D5AAE25C552B0009598AA /* BackendAPI.swift */ = {isa = PBXFileReference; lastKnownFileType = sourcecode.swift; path = BackendAPI.swift; sourceTree = "<group>"; };
		5D30BA41269C3EAD0062F6AB /* CustomSpinner.swift */ = {isa = PBXFileReference; lastKnownFileType = sourcecode.swift; path = CustomSpinner.swift; sourceTree = "<group>"; };
		5D36AA0A269E46300049640A /* TabBar.swift */ = {isa = PBXFileReference; lastKnownFileType = sourcecode.swift; path = TabBar.swift; sourceTree = "<group>"; };
		5D3769752611709C00F9ED72 /* Debouncer.swift */ = {isa = PBXFileReference; lastKnownFileType = sourcecode.swift; path = Debouncer.swift; sourceTree = "<group>"; };
		5D376978261174E100F9ED72 /* IdAble.swift */ = {isa = PBXFileReference; lastKnownFileType = sourcecode.swift; path = IdAble.swift; sourceTree = "<group>"; };
		5D3DE37326AFA96D009E4D52 /* UINavigationController+Extensions.swift */ = {isa = PBXFileReference; lastKnownFileType = sourcecode.swift; path = "UINavigationController+Extensions.swift"; sourceTree = "<group>"; };
		5D3DE37526AFAB54009E4D52 /* CountrySelector.swift */ = {isa = PBXFileReference; lastKnownFileType = sourcecode.swift; path = CountrySelector.swift; sourceTree = "<group>"; };
		5D3E872025C5CCD700FC65FE /* SearchView.swift */ = {isa = PBXFileReference; lastKnownFileType = sourcecode.swift; path = SearchView.swift; sourceTree = "<group>"; };
		5D3E872425C5D3FC00FC65FE /* Array+Extensions.swift */ = {isa = PBXFileReference; lastKnownFileType = sourcecode.swift; path = "Array+Extensions.swift"; sourceTree = "<group>"; };
		5D424CAB25C4FDCC0008D6F4 /* SignInButton.swift */ = {isa = PBXFileReference; fileEncoding = 4; lastKnownFileType = sourcecode.swift; path = SignInButton.swift; sourceTree = "<group>"; };
		5D424CD325C4FF2F0008D6F4 /* IAPManager.swift */ = {isa = PBXFileReference; lastKnownFileType = sourcecode.swift; path = IAPManager.swift; sourceTree = "<group>"; };
		5D424CD725C501B20008D6F4 /* Karla-ExtraBold.ttf */ = {isa = PBXFileReference; lastKnownFileType = file; path = "Karla-ExtraBold.ttf"; sourceTree = "<group>"; };
		5D424CD825C501B20008D6F4 /* Karla-Bold.ttf */ = {isa = PBXFileReference; lastKnownFileType = file; path = "Karla-Bold.ttf"; sourceTree = "<group>"; };
		5D424CD925C501B20008D6F4 /* Karla-ExtraLight.ttf */ = {isa = PBXFileReference; lastKnownFileType = file; path = "Karla-ExtraLight.ttf"; sourceTree = "<group>"; };
		5D424CDA25C501B20008D6F4 /* Karla-Light.ttf */ = {isa = PBXFileReference; lastKnownFileType = file; path = "Karla-Light.ttf"; sourceTree = "<group>"; };
		5D424CDD25C501B20008D6F4 /* Karla-Medium.ttf */ = {isa = PBXFileReference; lastKnownFileType = file; path = "Karla-Medium.ttf"; sourceTree = "<group>"; };
		5D424CDF25C501B30008D6F4 /* Karla-Regular.ttf */ = {isa = PBXFileReference; lastKnownFileType = file; path = "Karla-Regular.ttf"; sourceTree = "<group>"; };
		5D424CE025C501B30008D6F4 /* Karla-SemiBold.ttf */ = {isa = PBXFileReference; lastKnownFileType = file; path = "Karla-SemiBold.ttf"; sourceTree = "<group>"; };
		5D424CE725C5024B0008D6F4 /* Fonts.swift */ = {isa = PBXFileReference; lastKnownFileType = sourcecode.swift; path = Fonts.swift; sourceTree = "<group>"; };
		5D424CED25C502F90008D6F4 /* Colors.swift */ = {isa = PBXFileReference; lastKnownFileType = sourcecode.swift; path = Colors.swift; sourceTree = "<group>"; };
		5D424CF125C503120008D6F4 /* Colors.xcassets */ = {isa = PBXFileReference; lastKnownFileType = folder.assetcatalog; path = Colors.xcassets; sourceTree = "<group>"; };
		5D424CF625C503D10008D6F4 /* UIScreen+Extensions.swift */ = {isa = PBXFileReference; lastKnownFileType = sourcecode.swift; path = "UIScreen+Extensions.swift"; sourceTree = "<group>"; };
		5D424CFA25C503F00008D6F4 /* UIApplication+Extensions.swift */ = {isa = PBXFileReference; lastKnownFileType = sourcecode.swift; path = "UIApplication+Extensions.swift"; sourceTree = "<group>"; };
		5D424CFE25C5041E0008D6F4 /* DebugSettings.swift */ = {isa = PBXFileReference; lastKnownFileType = sourcecode.swift; path = DebugSettings.swift; sourceTree = "<group>"; };
		5D424D0325C504510008D6F4 /* EmailValidator.swift */ = {isa = PBXFileReference; lastKnownFileType = sourcecode.swift; path = EmailValidator.swift; sourceTree = "<group>"; };
		5D424D0725C504AF0008D6F4 /* RootView.swift */ = {isa = PBXFileReference; lastKnownFileType = sourcecode.swift; path = RootView.swift; sourceTree = "<group>"; };
		5D424D0E25C505450008D6F4 /* InfoPopupView.swift */ = {isa = PBXFileReference; fileEncoding = 4; lastKnownFileType = sourcecode.swift; path = InfoPopupView.swift; sourceTree = "<group>"; };
		5D424D1025C505450008D6F4 /* Spinner.swift */ = {isa = PBXFileReference; fileEncoding = 4; lastKnownFileType = sourcecode.swift; path = Spinner.swift; sourceTree = "<group>"; };
		5D424D1125C505450008D6F4 /* Modifiers.swift */ = {isa = PBXFileReference; fileEncoding = 4; lastKnownFileType = sourcecode.swift; path = Modifiers.swift; sourceTree = "<group>"; };
		5D424D1525C505450008D6F4 /* TextFieldUnderlined.swift */ = {isa = PBXFileReference; fileEncoding = 4; lastKnownFileType = sourcecode.swift; path = TextFieldUnderlined.swift; sourceTree = "<group>"; };
		5D424D1625C505450008D6F4 /* DimView.swift */ = {isa = PBXFileReference; fileEncoding = 4; lastKnownFileType = sourcecode.swift; path = DimView.swift; sourceTree = "<group>"; };
		5D424D4625C509AD0008D6F4 /* SignUpView.swift */ = {isa = PBXFileReference; lastKnownFileType = sourcecode.swift; path = SignUpView.swift; sourceTree = "<group>"; };
		5D424D4A25C509D20008D6F4 /* PasswordResetView.swift */ = {isa = PBXFileReference; lastKnownFileType = sourcecode.swift; path = PasswordResetView.swift; sourceTree = "<group>"; };
		5D488E8825C8D54E00624FEF /* AppError.swift */ = {isa = PBXFileReference; lastKnownFileType = sourcecode.swift; path = AppError.swift; sourceTree = "<group>"; };
		5D52E306261303AF00FA02B8 /* Publishers+Extensions.swift */ = {isa = PBXFileReference; lastKnownFileType = sourcecode.swift; path = "Publishers+Extensions.swift"; sourceTree = "<group>"; };
		5D52E30A2613063B00FA02B8 /* Encodable+Extensions.swift */ = {isa = PBXFileReference; lastKnownFileType = sourcecode.swift; path = "Encodable+Extensions.swift"; sourceTree = "<group>"; };
		5D52E30E26130E2100FA02B8 /* InventoryView.swift */ = {isa = PBXFileReference; lastKnownFileType = sourcecode.swift; path = InventoryView.swift; sourceTree = "<group>"; };
		5D52E31126130E7500FA02B8 /* InventoryItemDetailView.swift */ = {isa = PBXFileReference; lastKnownFileType = sourcecode.swift; path = InventoryItemDetailView.swift; sourceTree = "<group>"; };
		5D53A1F126AF2A61001DAA8D /* AccessoryButton.swift */ = {isa = PBXFileReference; lastKnownFileType = sourcecode.swift; path = AccessoryButton.swift; sourceTree = "<group>"; };
		5D53A1F426AF5649001DAA8D /* SettingsView.swift */ = {isa = PBXFileReference; lastKnownFileType = sourcecode.swift; path = SettingsView.swift; sourceTree = "<group>"; };
		5D54FE2526C2C84F008CD05F /* HorizontalListItem.swift */ = {isa = PBXFileReference; lastKnownFileType = sourcecode.swift; path = HorizontalListItem.swift; sourceTree = "<group>"; };
		5D63121F269330B900876D99 /* APIConfig.swift */ = {isa = PBXFileReference; lastKnownFileType = sourcecode.swift; path = APIConfig.swift; sourceTree = "<group>"; };
		5D6312212694797300876D99 /* Item.swift */ = {isa = PBXFileReference; lastKnownFileType = sourcecode.swift; path = Item.swift; sourceTree = "<group>"; };
		5D6312232694D83100876D99 /* Decodable+Extensions.swift */ = {isa = PBXFileReference; lastKnownFileType = sourcecode.swift; path = "Decodable+Extensions.swift"; sourceTree = "<group>"; };
		5D63122A2695066500876D99 /* ExchangeRates.swift */ = {isa = PBXFileReference; lastKnownFileType = sourcecode.swift; path = ExchangeRates.swift; sourceTree = "<group>"; };
		5D63122C2695068300876D99 /* Currency.swift */ = {isa = PBXFileReference; lastKnownFileType = sourcecode.swift; path = Currency.swift; sourceTree = "<group>"; };
		5D63122E269506AE00876D99 /* User.swift */ = {isa = PBXFileReference; lastKnownFileType = sourcecode.swift; path = User.swift; sourceTree = "<group>"; };
		5D63123926950A5900876D99 /* Stores.swift */ = {isa = PBXFileReference; lastKnownFileType = sourcecode.swift; path = Stores.swift; sourceTree = "<group>"; };
		5D63124326950B2900876D99 /* AppAction.swift */ = {isa = PBXFileReference; lastKnownFileType = sourcecode.swift; path = AppAction.swift; sourceTree = "<group>"; };
		5D63124F26950CB400876D99 /* AppReducer.swift */ = {isa = PBXFileReference; lastKnownFileType = sourcecode.swift; path = AppReducer.swift; sourceTree = "<group>"; };
		5D631252269668FE00876D99 /* JSNativeBridge.swift */ = {isa = PBXFileReference; lastKnownFileType = sourcecode.swift; path = JSNativeBridge.swift; sourceTree = "<group>"; };
		5D6312542696696500876D99 /* JSLogger.swift */ = {isa = PBXFileReference; lastKnownFileType = sourcecode.swift; path = JSLogger.swift; sourceTree = "<group>"; };
		5D631256269669A600876D99 /* DefaultDataController.swift */ = {isa = PBXFileReference; lastKnownFileType = sourcecode.swift; path = DefaultDataController.swift; sourceTree = "<group>"; };
		5D696093258713760058BABE /* SneakersnShit.app */ = {isa = PBXFileReference; explicitFileType = wrapper.application; includeInIndex = 0; path = SneakersnShit.app; sourceTree = BUILT_PRODUCTS_DIR; };
		5D696096258713760058BABE /* AppDelegate.swift */ = {isa = PBXFileReference; lastKnownFileType = sourcecode.swift; path = AppDelegate.swift; sourceTree = "<group>"; };
		5D69609A258713760058BABE /* LoginView.swift */ = {isa = PBXFileReference; lastKnownFileType = sourcecode.swift; path = LoginView.swift; sourceTree = "<group>"; };
		5D69609C258713770058BABE /* Assets.xcassets */ = {isa = PBXFileReference; lastKnownFileType = folder.assetcatalog; path = Assets.xcassets; sourceTree = "<group>"; };
		5D69609F258713770058BABE /* Preview Assets.xcassets */ = {isa = PBXFileReference; lastKnownFileType = folder.assetcatalog; path = "Preview Assets.xcassets"; sourceTree = "<group>"; };
		5D6960A2258713770058BABE /* Base */ = {isa = PBXFileReference; lastKnownFileType = file.storyboard; name = Base; path = Base.lproj/LaunchScreen.storyboard; sourceTree = "<group>"; };
		5D6960A4258713770058BABE /* Info.plist */ = {isa = PBXFileReference; lastKnownFileType = text.plist.xml; path = Info.plist; sourceTree = "<group>"; };
		5D6960AC2587149A0058BABE /* ReduxStore.swift */ = {isa = PBXFileReference; lastKnownFileType = sourcecode.swift; path = ReduxStore.swift; sourceTree = "<group>"; };
		5D6960B9258717430058BABE /* World.swift */ = {isa = PBXFileReference; lastKnownFileType = sourcecode.swift; path = World.swift; sourceTree = "<group>"; };
		5D6B112B26A4660500B6B67A /* Styles.swift */ = {isa = PBXFileReference; lastKnownFileType = sourcecode.swift; path = Styles.swift; sourceTree = "<group>"; };
		5D6B112D26A46E3A00B6B67A /* NavigationBar.swift */ = {isa = PBXFileReference; lastKnownFileType = sourcecode.swift; path = NavigationBar.swift; sourceTree = "<group>"; };
		5D7B17CB26868CA60065D01C /* Scraper.swift */ = {isa = PBXFileReference; lastKnownFileType = sourcecode.swift; path = Scraper.swift; sourceTree = "<group>"; };
		5D83156A25C397C4008AB948 /* MainView.swift */ = {isa = PBXFileReference; lastKnownFileType = sourcecode.swift; path = MainView.swift; sourceTree = "<group>"; };
		5D8ABBB926B0B51200AFD8CF /* Snackbar.swift */ = {isa = PBXFileReference; lastKnownFileType = sourcecode.swift; path = Snackbar.swift; sourceTree = "<group>"; };
		5D8ABBBB26B0DF4900AFD8CF /* SneakersnShit.entitlements */ = {isa = PBXFileReference; lastKnownFileType = text.plist.entitlements; path = SneakersnShit.entitlements; sourceTree = "<group>"; };
		5D8ABBBE26B1C82500AFD8CF /* ScraperRequestInfo.swift */ = {isa = PBXFileReference; lastKnownFileType = sourcecode.swift; path = ScraperRequestInfo.swift; sourceTree = "<group>"; };
		5D8ABBC026B1D2E100AFD8CF /* ItemImageView.swift */ = {isa = PBXFileReference; lastKnownFileType = sourcecode.swift; path = ItemImageView.swift; sourceTree = "<group>"; };
		5D8ABBC326B205CD00AFD8CF /* FeedView.swift */ = {isa = PBXFileReference; lastKnownFileType = sourcecode.swift; path = FeedView.swift; sourceTree = "<group>"; };
		5D95570B269A60DA00CCC2E7 /* String+Extensions.swift */ = {isa = PBXFileReference; lastKnownFileType = sourcecode.swift; path = "String+Extensions.swift"; sourceTree = "<group>"; };
		5D9C8E3C269F2F31008538D6 /* RoundedButton.swift */ = {isa = PBXFileReference; lastKnownFileType = sourcecode.swift; path = RoundedButton.swift; sourceTree = "<group>"; };
		5D9C8E3E269FAB8B008538D6 /* NextButton.swift */ = {isa = PBXFileReference; lastKnownFileType = sourcecode.swift; path = NextButton.swift; sourceTree = "<group>"; };
		5D9D51F126AC0E8F00AB1F30 /* Optional+Extensions.swift */ = {isa = PBXFileReference; lastKnownFileType = sourcecode.swift; path = "Optional+Extensions.swift"; sourceTree = "<group>"; };
		5D9D51F326AC161000AB1F30 /* DataController.swift */ = {isa = PBXFileReference; lastKnownFileType = sourcecode.swift; path = DataController.swift; sourceTree = "<group>"; };
		5D9D51F726ADA07700AB1F30 /* Country.swift */ = {isa = PBXFileReference; lastKnownFileType = sourcecode.swift; path = Country.swift; sourceTree = "<group>"; };
		5D9D51FF26AE211900AB1F30 /* ListItem.swift */ = {isa = PBXFileReference; lastKnownFileType = sourcecode.swift; path = ListItem.swift; sourceTree = "<group>"; };
		5D9D520126AE29DB00AB1F30 /* InventoryListItem.swift */ = {isa = PBXFileReference; lastKnownFileType = sourcecode.swift; path = InventoryListItem.swift; sourceTree = "<group>"; };
		5D9D520326AE359C00AB1F30 /* InventoryViewPills.swift */ = {isa = PBXFileReference; lastKnownFileType = sourcecode.swift; path = InventoryViewPills.swift; sourceTree = "<group>"; };
		5D9D520526AE361900AB1F30 /* PillView.swift */ = {isa = PBXFileReference; lastKnownFileType = sourcecode.swift; path = PillView.swift; sourceTree = "<group>"; };
		5D9D520726AE4CF400AB1F30 /* EditInventoryTray.swift */ = {isa = PBXFileReference; lastKnownFileType = sourcecode.swift; path = EditInventoryTray.swift; sourceTree = "<group>"; };
		5D9D520926AF17C900AB1F30 /* ItemImageViewWithNavBar.swift */ = {isa = PBXFileReference; lastKnownFileType = sourcecode.swift; path = ItemImageViewWithNavBar.swift; sourceTree = "<group>"; };
		5D9E85F026931F4200477377 /* scraper.bundle.js */ = {isa = PBXFileReference; fileEncoding = 4; lastKnownFileType = sourcecode.javascript; path = scraper.bundle.js; sourceTree = "<group>"; };
		5DA5140026A614530067C4A2 /* FirebaseService.swift */ = {isa = PBXFileReference; fileEncoding = 4; lastKnownFileType = sourcecode.swift; path = FirebaseService.swift; sourceTree = "<group>"; };
		5DA5140826A6149D0067C4A2 /* DatabaseManager.swift */ = {isa = PBXFileReference; lastKnownFileType = sourcecode.swift; path = DatabaseManager.swift; sourceTree = "<group>"; };
		5DA5140A26A6161A0067C4A2 /* CopDeckSettings.swift */ = {isa = PBXFileReference; lastKnownFileType = sourcecode.swift; path = CopDeckSettings.swift; sourceTree = "<group>"; };
		5DA5140C26A650CA0067C4A2 /* SettingsAction.swift */ = {isa = PBXFileReference; fileEncoding = 4; lastKnownFileType = sourcecode.swift; path = SettingsAction.swift; sourceTree = "<group>"; };
		5DBCB6DC25C90A510025BC23 /* StoreReviewHelper.swift */ = {isa = PBXFileReference; lastKnownFileType = sourcecode.swift; path = StoreReviewHelper.swift; sourceTree = "<group>"; };
		5DC00EAA25C3A331009A3AB9 /* Authenticator.swift */ = {isa = PBXFileReference; fileEncoding = 4; lastKnownFileType = sourcecode.swift; path = Authenticator.swift; sourceTree = "<group>"; };
		5DC00EAE25C3A387009A3AB9 /* DefaultAuthenticator.swift */ = {isa = PBXFileReference; lastKnownFileType = sourcecode.swift; path = DefaultAuthenticator.swift; sourceTree = "<group>"; };
		5DC2C101269E098C00674756 /* Loader.swift */ = {isa = PBXFileReference; lastKnownFileType = sourcecode.swift; path = Loader.swift; sourceTree = "<group>"; };
		5DC2C104269E2BD800674756 /* View+Extensions.swift */ = {isa = PBXFileReference; lastKnownFileType = sourcecode.swift; path = "View+Extensions.swift"; sourceTree = "<group>"; };
		5DC3538E26117C7F00294DF0 /* ItemDetailView.swift */ = {isa = PBXFileReference; lastKnownFileType = sourcecode.swift; path = ItemDetailView.swift; sourceTree = "<group>"; };
		5DCC466B26A88367007671BC /* InventoryItem.swift */ = {isa = PBXFileReference; lastKnownFileType = sourcecode.swift; path = InventoryItem.swift; sourceTree = "<group>"; };
		5DCC466D26A8CEDE007671BC /* NewItemCard.swift */ = {isa = PBXFileReference; lastKnownFileType = sourcecode.swift; path = NewItemCard.swift; sourceTree = "<group>"; };
		5DCC466F26A8D759007671BC /* DropDownMenu.swift */ = {isa = PBXFileReference; lastKnownFileType = sourcecode.swift; path = DropDownMenu.swift; sourceTree = "<group>"; };
		5DCC467126A8EBB9007671BC /* ToggleButton.swift */ = {isa = PBXFileReference; lastKnownFileType = sourcecode.swift; path = ToggleButton.swift; sourceTree = "<group>"; };
		5DEBC087269B24BA000EEADC /* ViewRouter.swift */ = {isa = PBXFileReference; lastKnownFileType = sourcecode.swift; path = ViewRouter.swift; sourceTree = "<group>"; };
		5DEBC089269B3DE8000EEADC /* Double+Extensions.swift */ = {isa = PBXFileReference; lastKnownFileType = sourcecode.swift; path = "Double+Extensions.swift"; sourceTree = "<group>"; };
		5DF03CA625DA1BBF001856B5 /* AvatarView.swift */ = {isa = PBXFileReference; lastKnownFileType = sourcecode.swift; path = AvatarView.swift; sourceTree = "<group>"; };
		5DF03CAA25DA1CE7001856B5 /* ImageView.swift */ = {isa = PBXFileReference; lastKnownFileType = sourcecode.swift; path = ImageView.swift; sourceTree = "<group>"; };
		630E7DC56C63722AE2360C56 /* Pods-InfluTrader.release.xcconfig */ = {isa = PBXFileReference; includeInIndex = 1; lastKnownFileType = text.xcconfig; name = "Pods-InfluTrader.release.xcconfig"; path = "Target Support Files/Pods-InfluTrader/Pods-InfluTrader.release.xcconfig"; sourceTree = "<group>"; };
		6C337F3E851DD176F9F45E8E /* Pods-InfluTrader.debug.xcconfig */ = {isa = PBXFileReference; includeInIndex = 1; lastKnownFileType = text.xcconfig; name = "Pods-InfluTrader.debug.xcconfig"; path = "Target Support Files/Pods-InfluTrader/Pods-InfluTrader.debug.xcconfig"; sourceTree = "<group>"; };
		780150CC93D4F13CFCC193B7 /* Pods-SneakersnShit.release.xcconfig */ = {isa = PBXFileReference; includeInIndex = 1; lastKnownFileType = text.xcconfig; name = "Pods-SneakersnShit.release.xcconfig"; path = "Target Support Files/Pods-SneakersnShit/Pods-SneakersnShit.release.xcconfig"; sourceTree = "<group>"; };
		DE80E208C5DB6897B4D1B91A /* Pods_SneakersnShit.framework */ = {isa = PBXFileReference; explicitFileType = wrapper.framework; includeInIndex = 0; path = Pods_SneakersnShit.framework; sourceTree = BUILT_PRODUCTS_DIR; };
/* End PBXFileReference section */

/* Begin PBXFrameworksBuildPhase section */
		5D696090258713760058BABE /* Frameworks */ = {
			isa = PBXFrameworksBuildPhase;
			buildActionMask = 2147483647;
			files = (
				5D9D51FE26AE1C0B00AB1F30 /* NukeUI in Frameworks */,
				C0A401BBBC5AD2E508F6A578 /* Pods_SneakersnShit.framework in Frameworks */,
				5DCC466826A7A96C007671BC /* FacebookCore in Frameworks */,
				5DCC466A26A7A96C007671BC /* FacebookLogin in Frameworks */,
				5D9D51FB26AE1BE500AB1F30 /* Nuke in Frameworks */,
			);
			runOnlyForDeploymentPostprocessing = 0;
		};
/* End PBXFrameworksBuildPhase section */

/* Begin PBXGroup section */
		5D0E5A0F269E4EC9006D7E9C /* AddToInventory */ = {
			isa = PBXGroup;
			children = (
				5D0E5A10269E4EDE006D7E9C /* AddToInventoryView.swift */,
				5DCC466D26A8CEDE007671BC /* NewItemCard.swift */,
				5D9D520126AE29DB00AB1F30 /* InventoryListItem.swift */,
				5D9D520326AE359C00AB1F30 /* InventoryViewPills.swift */,
				5D9D520726AE4CF400AB1F30 /* EditInventoryTray.swift */,
			);
			path = AddToInventory;
			sourceTree = "<group>";
		};
		5D2D5A9E25C529CA009598AA /* Functions */ = {
			isa = PBXGroup;
			children = (
				5D2D5AAE25C552B0009598AA /* BackendAPI.swift */,
			);
			path = Functions;
			sourceTree = "<group>";
		};
		5D424CCD25C4FE200008D6F4 /* StoreReviewHelper */ = {
			isa = PBXGroup;
			children = (
				5DBCB6DC25C90A510025BC23 /* StoreReviewHelper.swift */,
			);
			path = StoreReviewHelper;
			sourceTree = "<group>";
		};
		5D424CD225C4FF210008D6F4 /* IAP */ = {
			isa = PBXGroup;
			children = (
				5D424CD325C4FF2F0008D6F4 /* IAPManager.swift */,
			);
			path = IAP;
			sourceTree = "<group>";
		};
		5D424CE625C501BA0008D6F4 /* Fonts */ = {
			isa = PBXGroup;
			children = (
				5D424CD725C501B20008D6F4 /* Karla-ExtraBold.ttf */,
				5D424CD925C501B20008D6F4 /* Karla-ExtraLight.ttf */,
				5D424CDA25C501B20008D6F4 /* Karla-Light.ttf */,
				5D424CDD25C501B20008D6F4 /* Karla-Medium.ttf */,
				5D424CDF25C501B30008D6F4 /* Karla-Regular.ttf */,
				5D424CE025C501B30008D6F4 /* Karla-SemiBold.ttf */,
				5D424CD825C501B20008D6F4 /* Karla-Bold.ttf */,
				5D424CE725C5024B0008D6F4 /* Fonts.swift */,
			);
			path = Fonts;
			sourceTree = "<group>";
		};
		5D424CEC25C502EA0008D6F4 /* Colors */ = {
			isa = PBXGroup;
			children = (
				5D424CED25C502F90008D6F4 /* Colors.swift */,
				5D424CF125C503120008D6F4 /* Colors.xcassets */,
				5D6B112B26A4660500B6B67A /* Styles.swift */,
			);
			path = Colors;
			sourceTree = "<group>";
		};
		5D424CF525C503B60008D6F4 /* Extensions */ = {
			isa = PBXGroup;
			children = (
				5D424CF625C503D10008D6F4 /* UIScreen+Extensions.swift */,
				5D424CFA25C503F00008D6F4 /* UIApplication+Extensions.swift */,
				5D3E872425C5D3FC00FC65FE /* Array+Extensions.swift */,
				5D52E306261303AF00FA02B8 /* Publishers+Extensions.swift */,
				5D52E30A2613063B00FA02B8 /* Encodable+Extensions.swift */,
				5D6312232694D83100876D99 /* Decodable+Extensions.swift */,
				5D95570B269A60DA00CCC2E7 /* String+Extensions.swift */,
				5DEBC089269B3DE8000EEADC /* Double+Extensions.swift */,
				5DC2C104269E2BD800674756 /* View+Extensions.swift */,
				5D9D51F126AC0E8F00AB1F30 /* Optional+Extensions.swift */,
				5D3DE37326AFA96D009E4D52 /* UINavigationController+Extensions.swift */,
			);
			path = Extensions;
			sourceTree = "<group>";
		};
		5D424CFD25C5040E0008D6F4 /* Debug */ = {
			isa = PBXGroup;
			children = (
				5D424CFE25C5041E0008D6F4 /* DebugSettings.swift */,
			);
			path = Debug;
			sourceTree = "<group>";
		};
		5D424D0225C504400008D6F4 /* Utilities */ = {
			isa = PBXGroup;
			children = (
				5D424D0325C504510008D6F4 /* EmailValidator.swift */,
				5D3769752611709C00F9ED72 /* Debouncer.swift */,
				5D376978261174E100F9ED72 /* IdAble.swift */,
			);
			path = Utilities;
			sourceTree = "<group>";
		};
		5D424D0B25C505450008D6F4 /* Shared */ = {
			isa = PBXGroup;
			children = (
				5D424D0E25C505450008D6F4 /* InfoPopupView.swift */,
				5D424D1025C505450008D6F4 /* Spinner.swift */,
				5D424D1125C505450008D6F4 /* Modifiers.swift */,
				5D424D1525C505450008D6F4 /* TextFieldUnderlined.swift */,
				5D424D1625C505450008D6F4 /* DimView.swift */,
				5DF03CA625DA1BBF001856B5 /* AvatarView.swift */,
				5DF03CAA25DA1CE7001856B5 /* ImageView.swift */,
				5D30BA41269C3EAD0062F6AB /* CustomSpinner.swift */,
				5DC2C101269E098C00674756 /* Loader.swift */,
				5D0E5A12269E60DB006D7E9C /* TextFieldRounded.swift */,
				5D9C8E3C269F2F31008538D6 /* RoundedButton.swift */,
				5D9C8E3E269FAB8B008538D6 /* NextButton.swift */,
				5D6B112D26A46E3A00B6B67A /* NavigationBar.swift */,
				5DCC466F26A8D759007671BC /* DropDownMenu.swift */,
				5DCC467126A8EBB9007671BC /* ToggleButton.swift */,
				5D9D51FF26AE211900AB1F30 /* ListItem.swift */,
				5D9D520526AE361900AB1F30 /* PillView.swift */,
				5D9D520926AF17C900AB1F30 /* ItemImageViewWithNavBar.swift */,
				5D53A1F126AF2A61001DAA8D /* AccessoryButton.swift */,
				5D8ABBB926B0B51200AFD8CF /* Snackbar.swift */,
				5D8ABBC026B1D2E100AFD8CF /* ItemImageView.swift */,
				5D54FE2526C2C84F008CD05F /* HorizontalListItem.swift */,
			);
			path = Shared;
			sourceTree = "<group>";
		};
		5D424D2825C505C20008D6F4 /* Authentication */ = {
			isa = PBXGroup;
			children = (
				5D424D4D25C509F50008D6F4 /* Components */,
				5D69609A258713760058BABE /* LoginView.swift */,
				5D424D4625C509AD0008D6F4 /* SignUpView.swift */,
				5D424D4A25C509D20008D6F4 /* PasswordResetView.swift */,
			);
			path = Authentication;
			sourceTree = "<group>";
		};
		5D424D2925C505E90008D6F4 /* Main */ = {
			isa = PBXGroup;
			children = (
				5D8ABBC226B205BE00AFD8CF /* Feed */,
				5D83156A25C397C4008AB948 /* MainView.swift */,
				5D36AA0A269E46300049640A /* TabBar.swift */,
				5D53A1F326AF563A001DAA8D /* Settings */,
				5D52E30D26130E0700FA02B8 /* Inventory */,
				5D424D2A25C505F90008D6F4 /* Search */,
				5D0E5A0F269E4EC9006D7E9C /* AddToInventory */,
			);
			path = Main;
			sourceTree = "<group>";
		};
		5D424D2A25C505F90008D6F4 /* Search */ = {
			isa = PBXGroup;
			children = (
				5D3E872025C5CCD700FC65FE /* SearchView.swift */,
				5DC3538E26117C7F00294DF0 /* ItemDetailView.swift */,
			);
			path = Search;
			sourceTree = "<group>";
		};
		5D424D4D25C509F50008D6F4 /* Components */ = {
			isa = PBXGroup;
			children = (
				5D424CAB25C4FDCC0008D6F4 /* SignInButton.swift */,
			);
			path = Components;
			sourceTree = "<group>";
		};
		5D52E30D26130E0700FA02B8 /* Inventory */ = {
			isa = PBXGroup;
			children = (
				5D52E30E26130E2100FA02B8 /* InventoryView.swift */,
				5D52E31126130E7500FA02B8 /* InventoryItemDetailView.swift */,
			);
			path = Inventory;
			sourceTree = "<group>";
		};
		5D53A1F326AF563A001DAA8D /* Settings */ = {
			isa = PBXGroup;
			children = (
				5D53A1F426AF5649001DAA8D /* SettingsView.swift */,
				5D3DE37526AFAB54009E4D52 /* CountrySelector.swift */,
			);
			path = Settings;
			sourceTree = "<group>";
		};
		5D6312302695097900876D99 /* State */ = {
			isa = PBXGroup;
			children = (
				5D2D5AA225C52E9B009598AA /* AppState.swift */,
			);
			path = State;
			sourceTree = "<group>";
		};
		5D63123726950A0D00876D99 /* Stores */ = {
			isa = PBXGroup;
			children = (
				5D6960AC2587149A0058BABE /* ReduxStore.swift */,
				5D63123926950A5900876D99 /* Stores.swift */,
			);
			path = Stores;
			sourceTree = "<group>";
		};
		5D63123826950A1900876D99 /* Actions */ = {
			isa = PBXGroup;
			children = (
				5D19B0AA26A6D76600A31F4E /* ErrorAction.swift */,
				5D19B0A926A6D76600A31F4E /* MainAction.swift */,
				5D19B0AD26A6D7CA00A31F4E /* AuthenticationAction.swift */,
				5DA5140C26A650CA0067C4A2 /* SettingsAction.swift */,
				5D63124326950B2900876D99 /* AppAction.swift */,
			);
			path = Actions;
			sourceTree = "<group>";
		};
		5D63124526950B4D00876D99 /* Reducers */ = {
			isa = PBXGroup;
			children = (
				5D63124F26950CB400876D99 /* AppReducer.swift */,
			);
			path = Reducers;
			sourceTree = "<group>";
		};
		5D6312512695BC3F00876D99 /* API */ = {
			isa = PBXGroup;
			children = (
				5DA513FF26A6143A0067C4A2 /* Database */,
				5D2D5A9F25C529E3009598AA /* API.swift */,
				5D631256269669A600876D99 /* DefaultDataController.swift */,
				5D9D51F326AC161000AB1F30 /* DataController.swift */,
				5D2D5A9E25C529CA009598AA /* Functions */,
				5D7B17CA26868C970065D01C /* LocalScraper */,
			);
			path = API;
			sourceTree = "<group>";
		};
		5D69608A258713760058BABE = {
			isa = PBXGroup;
			children = (
				5D696095258713760058BABE /* SneakersnShit */,
				5D696094258713760058BABE /* Products */,
				FF1EEF4427F49F1DF04ADF63 /* Pods */,
				6E511E69FD91ED256CC06E57 /* Frameworks */,
			);
			sourceTree = "<group>";
		};
		5D696094258713760058BABE /* Products */ = {
			isa = PBXGroup;
			children = (
				5D696093258713760058BABE /* SneakersnShit.app */,
			);
			name = Products;
			sourceTree = "<group>";
		};
		5D696095258713760058BABE /* SneakersnShit */ = {
			isa = PBXGroup;
			children = (
				5D8ABBBB26B0DF4900AFD8CF /* SneakersnShit.entitlements */,
				5DC00EDF25C3C3DD009A3AB9 /* Shared */,
				5D83156925C397B0008AB948 /* Screens */,
				5DC00EA725C3A2F8009A3AB9 /* Services */,
				5D6960C025873E790058BABE /* Models */,
				5D6960AB2587148E0058BABE /* Redux */,
				5D6960A4258713770058BABE /* Info.plist */,
				5D69609E258713770058BABE /* Preview Content */,
			);
			path = SneakersnShit;
			sourceTree = "<group>";
		};
		5D69609E258713770058BABE /* Preview Content */ = {
			isa = PBXGroup;
			children = (
				5D69609F258713770058BABE /* Preview Assets.xcassets */,
			);
			path = "Preview Content";
			sourceTree = "<group>";
		};
		5D6960AB2587148E0058BABE /* Redux */ = {
			isa = PBXGroup;
			children = (
				5D63124526950B4D00876D99 /* Reducers */,
				5D63123826950A1900876D99 /* Actions */,
				5D63123726950A0D00876D99 /* Stores */,
				5D6312302695097900876D99 /* State */,
				5D6960B62587155E0058BABE /* Environments */,
			);
			path = Redux;
			sourceTree = "<group>";
		};
		5D6960B62587155E0058BABE /* Environments */ = {
			isa = PBXGroup;
			children = (
				5D6960B9258717430058BABE /* World.swift */,
			);
			path = Environments;
			sourceTree = "<group>";
		};
		5D6960C025873E790058BABE /* Models */ = {
			isa = PBXGroup;
			children = (
				5D63121F269330B900876D99 /* APIConfig.swift */,
				5D488E8825C8D54E00624FEF /* AppError.swift */,
				5D6312212694797300876D99 /* Item.swift */,
				5D63122A2695066500876D99 /* ExchangeRates.swift */,
				5D63122C2695068300876D99 /* Currency.swift */,
				5D63122E269506AE00876D99 /* User.swift */,
				5DA5140A26A6161A0067C4A2 /* CopDeckSettings.swift */,
				5DCC466B26A88367007671BC /* InventoryItem.swift */,
				5D9D51F726ADA07700AB1F30 /* Country.swift */,
				5D8ABBBE26B1C82500AFD8CF /* ScraperRequestInfo.swift */,
			);
			path = Models;
			sourceTree = "<group>";
		};
		5D7B17CA26868C970065D01C /* LocalScraper */ = {
			isa = PBXGroup;
			children = (
				5D7B17CD26868D760065D01C /* JS */,
				5D7B17CB26868CA60065D01C /* Scraper.swift */,
				5D631252269668FE00876D99 /* JSNativeBridge.swift */,
				5D6312542696696500876D99 /* JSLogger.swift */,
			);
			path = LocalScraper;
			sourceTree = "<group>";
		};
		5D7B17CD26868D760065D01C /* JS */ = {
			isa = PBXGroup;
			children = (
				5D91DD7C268B6233004558E7 /* dist */,
			);
			path = JS;
			sourceTree = "<group>";
		};
		5D83156925C397B0008AB948 /* Screens */ = {
			isa = PBXGroup;
			children = (
				5DEBC086269B24AA000EEADC /* TabBar */,
				5D424D0725C504AF0008D6F4 /* RootView.swift */,
				5D424D2925C505E90008D6F4 /* Main */,
				5D424D2825C505C20008D6F4 /* Authentication */,
				5D424D0B25C505450008D6F4 /* Shared */,
			);
			path = Screens;
			sourceTree = "<group>";
		};
		5D8ABBC226B205BE00AFD8CF /* Feed */ = {
			isa = PBXGroup;
			children = (
				5D8ABBC326B205CD00AFD8CF /* FeedView.swift */,
			);
			path = Feed;
			sourceTree = "<group>";
		};
		5D91DD7C268B6233004558E7 /* dist */ = {
			isa = PBXGroup;
			children = (
				5D9E85F026931F4200477377 /* scraper.bundle.js */,
			);
			path = dist;
			sourceTree = "<group>";
		};
		5DA513FF26A6143A0067C4A2 /* Database */ = {
			isa = PBXGroup;
			children = (
				5DA5140026A614530067C4A2 /* FirebaseService.swift */,
				5DA5140826A6149D0067C4A2 /* DatabaseManager.swift */,
			);
			path = Database;
			sourceTree = "<group>";
		};
		5DC00EA725C3A2F8009A3AB9 /* Services */ = {
			isa = PBXGroup;
			children = (
				5D6312512695BC3F00876D99 /* API */,
				5D424CD225C4FF210008D6F4 /* IAP */,
				5D424CCD25C4FE200008D6F4 /* StoreReviewHelper */,
				5DC00EA925C3A317009A3AB9 /* Authenticator */,
			);
			path = Services;
			sourceTree = "<group>";
		};
		5DC00EA925C3A317009A3AB9 /* Authenticator */ = {
			isa = PBXGroup;
			children = (
				5DC00EAA25C3A331009A3AB9 /* Authenticator.swift */,
				5DC00EAE25C3A387009A3AB9 /* DefaultAuthenticator.swift */,
			);
			path = Authenticator;
			sourceTree = "<group>";
		};
		5DC00EDF25C3C3DD009A3AB9 /* Shared */ = {
			isa = PBXGroup;
			children = (
				5D424D0225C504400008D6F4 /* Utilities */,
				5D424CFD25C5040E0008D6F4 /* Debug */,
				5D424CF525C503B60008D6F4 /* Extensions */,
				5D424CEC25C502EA0008D6F4 /* Colors */,
				5D424CE625C501BA0008D6F4 /* Fonts */,
				5D696096258713760058BABE /* AppDelegate.swift */,
				5D6960A1258713770058BABE /* LaunchScreen.storyboard */,
				5D2119E025DB0EFA001FE5E5 /* GoogleService-Info.plist */,
				5D69609C258713770058BABE /* Assets.xcassets */,
				5D19B0D326A6F0DC00A31F4E /* CopDeckApp.swift */,
			);
			path = Shared;
			sourceTree = "<group>";
		};
		5DEBC086269B24AA000EEADC /* TabBar */ = {
			isa = PBXGroup;
			children = (
				5DEBC087269B24BA000EEADC /* ViewRouter.swift */,
			);
			path = TabBar;
			sourceTree = "<group>";
		};
		6E511E69FD91ED256CC06E57 /* Frameworks */ = {
			isa = PBXGroup;
			children = (
				DE80E208C5DB6897B4D1B91A /* Pods_SneakersnShit.framework */,
			);
			name = Frameworks;
			sourceTree = "<group>";
		};
		FF1EEF4427F49F1DF04ADF63 /* Pods */ = {
			isa = PBXGroup;
			children = (
				6C337F3E851DD176F9F45E8E /* Pods-InfluTrader.debug.xcconfig */,
				630E7DC56C63722AE2360C56 /* Pods-InfluTrader.release.xcconfig */,
				10F05964238EC7800C0C5A21 /* Pods-SneakersnShit.debug.xcconfig */,
				780150CC93D4F13CFCC193B7 /* Pods-SneakersnShit.release.xcconfig */,
			);
			path = Pods;
			sourceTree = "<group>";
		};
/* End PBXGroup section */

/* Begin PBXNativeTarget section */
		5D696092258713760058BABE /* SneakersnShit */ = {
			isa = PBXNativeTarget;
			buildConfigurationList = 5D6960A7258713770058BABE /* Build configuration list for PBXNativeTarget "SneakersnShit" */;
			buildPhases = (
				48226E9C78C6C5FDB1043EDA /* [CP] Check Pods Manifest.lock */,
				5D69608F258713760058BABE /* Sources */,
				5D696090258713760058BABE /* Frameworks */,
				5D696091258713760058BABE /* Resources */,
				457339847248AFF1F3320420 /* [CP] Embed Pods Frameworks */,
			);
			buildRules = (
			);
			dependencies = (
			);
			name = SneakersnShit;
			packageProductDependencies = (
				5DCC466726A7A96C007671BC /* FacebookCore */,
				5DCC466926A7A96C007671BC /* FacebookLogin */,
				5D9D51FA26AE1BE500AB1F30 /* Nuke */,
				5D9D51FD26AE1C0B00AB1F30 /* NukeUI */,
			);
			productName = InfluTrader;
			productReference = 5D696093258713760058BABE /* SneakersnShit.app */;
			productType = "com.apple.product-type.application";
		};
/* End PBXNativeTarget section */

/* Begin PBXProject section */
		5D69608B258713760058BABE /* Project object */ = {
			isa = PBXProject;
			attributes = {
				LastSwiftUpdateCheck = 1220;
				LastUpgradeCheck = 1220;
				TargetAttributes = {
					5D696092258713760058BABE = {
						CreatedOnToolsVersion = 12.2;
					};
				};
			};
			buildConfigurationList = 5D69608E258713760058BABE /* Build configuration list for PBXProject "SneakersnShit" */;
			compatibilityVersion = "Xcode 9.3";
			developmentRegion = en;
			hasScannedForEncodings = 0;
			knownRegions = (
				en,
				Base,
			);
			mainGroup = 5D69608A258713760058BABE;
			packageReferences = (
				5DCC466626A7A96C007671BC /* XCRemoteSwiftPackageReference "facebook-ios-sdk" */,
				5D9D51F926AE1BE500AB1F30 /* XCRemoteSwiftPackageReference "Nuke" */,
				5D9D51FC26AE1C0B00AB1F30 /* XCRemoteSwiftPackageReference "NukeUI" */,
			);
			productRefGroup = 5D696094258713760058BABE /* Products */;
			projectDirPath = "";
			projectRoot = "";
			targets = (
				5D696092258713760058BABE /* SneakersnShit */,
			);
		};
/* End PBXProject section */

/* Begin PBXResourcesBuildPhase section */
		5D696091258713760058BABE /* Resources */ = {
			isa = PBXResourcesBuildPhase;
			buildActionMask = 2147483647;
			files = (
				5D424CF225C503120008D6F4 /* Colors.xcassets in Resources */,
				5D6960A3258713770058BABE /* LaunchScreen.storyboard in Resources */,
				5D9E85F126931F4300477377 /* scraper.bundle.js in Resources */,
				5D424D2E25C509530008D6F4 /* Karla-ExtraBold.ttf in Resources */,
				5D424D3025C5095B0008D6F4 /* Karla-ExtraLight.ttf in Resources */,
				5D424D3E25C509610008D6F4 /* Karla-Medium.ttf in Resources */,
				5D2119E125DB0EFA001FE5E5 /* GoogleService-Info.plist in Resources */,
				5D424D4125C509610008D6F4 /* Karla-Light.ttf in Resources */,
				5D424D3F25C509610008D6F4 /* Karla-Bold.ttf in Resources */,
				5D424D4025C509610008D6F4 /* Karla-Regular.ttf in Resources */,
				5D424D4325C509610008D6F4 /* Karla-SemiBold.ttf in Resources */,
				5D6960A0258713770058BABE /* Preview Assets.xcassets in Resources */,
				5D69609D258713770058BABE /* Assets.xcassets in Resources */,
			);
			runOnlyForDeploymentPostprocessing = 0;
		};
/* End PBXResourcesBuildPhase section */

/* Begin PBXShellScriptBuildPhase section */
		457339847248AFF1F3320420 /* [CP] Embed Pods Frameworks */ = {
			isa = PBXShellScriptBuildPhase;
			buildActionMask = 2147483647;
			files = (
			);
			inputFileListPaths = (
				"${PODS_ROOT}/Target Support Files/Pods-SneakersnShit/Pods-SneakersnShit-frameworks-${CONFIGURATION}-input-files.xcfilelist",
			);
			name = "[CP] Embed Pods Frameworks";
			outputFileListPaths = (
				"${PODS_ROOT}/Target Support Files/Pods-SneakersnShit/Pods-SneakersnShit-frameworks-${CONFIGURATION}-output-files.xcfilelist",
			);
			runOnlyForDeploymentPostprocessing = 0;
			shellPath = /bin/sh;
			shellScript = "\"${PODS_ROOT}/Target Support Files/Pods-SneakersnShit/Pods-SneakersnShit-frameworks.sh\"\n";
			showEnvVarsInLog = 0;
		};
		48226E9C78C6C5FDB1043EDA /* [CP] Check Pods Manifest.lock */ = {
			isa = PBXShellScriptBuildPhase;
			buildActionMask = 2147483647;
			files = (
			);
			inputFileListPaths = (
			);
			inputPaths = (
				"${PODS_PODFILE_DIR_PATH}/Podfile.lock",
				"${PODS_ROOT}/Manifest.lock",
			);
			name = "[CP] Check Pods Manifest.lock";
			outputFileListPaths = (
			);
			outputPaths = (
				"$(DERIVED_FILE_DIR)/Pods-SneakersnShit-checkManifestLockResult.txt",
			);
			runOnlyForDeploymentPostprocessing = 0;
			shellPath = /bin/sh;
			shellScript = "diff \"${PODS_PODFILE_DIR_PATH}/Podfile.lock\" \"${PODS_ROOT}/Manifest.lock\" > /dev/null\nif [ $? != 0 ] ; then\n    # print error to STDERR\n    echo \"error: The sandbox is not in sync with the Podfile.lock. Run 'pod install' or update your CocoaPods installation.\" >&2\n    exit 1\nfi\n# This output is used by Xcode 'outputs' to avoid re-running this script phase.\necho \"SUCCESS\" > \"${SCRIPT_OUTPUT_FILE_0}\"\n";
			showEnvVarsInLog = 0;
		};
/* End PBXShellScriptBuildPhase section */

/* Begin PBXSourcesBuildPhase section */
		5D69608F258713760058BABE /* Sources */ = {
			isa = PBXSourcesBuildPhase;
			buildActionMask = 2147483647;
			files = (
				5DA5140B26A6161A0067C4A2 /* CopDeckSettings.swift in Sources */,
				5D63122F269506AE00876D99 /* User.swift in Sources */,
				5D7B17CC26868CA60065D01C /* Scraper.swift in Sources */,
				5DA5140926A6149D0067C4A2 /* DatabaseManager.swift in Sources */,
				5D9D51F426AC161000AB1F30 /* DataController.swift in Sources */,
				5D52E307261303AF00FA02B8 /* Publishers+Extensions.swift in Sources */,
				5D424D4225C509610008D6F4 /* Fonts.swift in Sources */,
				5D696097258713760058BABE /* AppDelegate.swift in Sources */,
				5D6B112C26A4660500B6B67A /* Styles.swift in Sources */,
				5D424D1A25C505450008D6F4 /* InfoPopupView.swift in Sources */,
				5DC2C102269E098C00674756 /* Loader.swift in Sources */,
				5DCC466E26A8CEDE007671BC /* NewItemCard.swift in Sources */,
				5D19B0AE26A6D7CA00A31F4E /* AuthenticationAction.swift in Sources */,
				5D63125026950CB400876D99 /* AppReducer.swift in Sources */,
				5D424D1D25C505450008D6F4 /* Modifiers.swift in Sources */,
				5D63123A26950A5900876D99 /* Stores.swift in Sources */,
				5DEBC088269B24BA000EEADC /* ViewRouter.swift in Sources */,
				5D53A1F526AF5649001DAA8D /* SettingsView.swift in Sources */,
				5D30BA42269C3EAD0062F6AB /* CustomSpinner.swift in Sources */,
				5D488E8925C8D54E00624FEF /* AppError.swift in Sources */,
				5D424D1C25C505450008D6F4 /* Spinner.swift in Sources */,
				5DCC466C26A88367007671BC /* InventoryItem.swift in Sources */,
				5D9D51F226AC0E8F00AB1F30 /* Optional+Extensions.swift in Sources */,
				5D631253269668FE00876D99 /* JSNativeBridge.swift in Sources */,
				5D9D520226AE29DB00AB1F30 /* InventoryListItem.swift in Sources */,
				5D3DE37626AFAB54009E4D52 /* CountrySelector.swift in Sources */,
				5D53A1F226AF2A61001DAA8D /* AccessoryButton.swift in Sources */,
				5D9C8E3F269FAB8B008538D6 /* NextButton.swift in Sources */,
				5D95570C269A60DA00CCC2E7 /* String+Extensions.swift in Sources */,
				5D9C8E3D269F2F31008538D6 /* RoundedButton.swift in Sources */,
				5D2D5AAF25C552B0009598AA /* BackendAPI.swift in Sources */,
				5D424CFF25C5041E0008D6F4 /* DebugSettings.swift in Sources */,
				5D69609B258713760058BABE /* LoginView.swift in Sources */,
				5D424CF725C503D10008D6F4 /* UIScreen+Extensions.swift in Sources */,
				5DC00EAF25C3A387009A3AB9 /* DefaultAuthenticator.swift in Sources */,
				5D3E872125C5CCD700FC65FE /* SearchView.swift in Sources */,
				5D3DE37426AFA96D009E4D52 /* UINavigationController+Extensions.swift in Sources */,
				5DA5140D26A650CA0067C4A2 /* SettingsAction.swift in Sources */,
				5D8ABBC426B205CD00AFD8CF /* FeedView.swift in Sources */,
				5D52E30F26130E2100FA02B8 /* InventoryView.swift in Sources */,
				5DF03CA725DA1BBF001856B5 /* AvatarView.swift in Sources */,
				5D19B0D426A6F0DC00A31F4E /* CopDeckApp.swift in Sources */,
				5D6312552696696500876D99 /* JSLogger.swift in Sources */,
				5D424CAE25C4FDCC0008D6F4 /* SignInButton.swift in Sources */,
				5DA5140426A614530067C4A2 /* FirebaseService.swift in Sources */,
				5D6312222694797300876D99 /* Item.swift in Sources */,
				5D424D2125C505450008D6F4 /* DimView.swift in Sources */,
				5D52E30B2613063B00FA02B8 /* Encodable+Extensions.swift in Sources */,
				5DCC467026A8D759007671BC /* DropDownMenu.swift in Sources */,
				5D424D0825C504AF0008D6F4 /* RootView.swift in Sources */,
				5DEBC08A269B3DE8000EEADC /* Double+Extensions.swift in Sources */,
				5D2D5AA025C529E3009598AA /* API.swift in Sources */,
				5D424D0425C504510008D6F4 /* EmailValidator.swift in Sources */,
				5D0E5A13269E60DB006D7E9C /* TextFieldRounded.swift in Sources */,
				5D9D520026AE211900AB1F30 /* ListItem.swift in Sources */,
				5D424CFB25C503F00008D6F4 /* UIApplication+Extensions.swift in Sources */,
				5D63122B2695066500876D99 /* ExchangeRates.swift in Sources */,
				5D63122D2695068300876D99 /* Currency.swift in Sources */,
				5D0E5A11269E4EDE006D7E9C /* AddToInventoryView.swift in Sources */,
				5D6312242694D83100876D99 /* Decodable+Extensions.swift in Sources */,
				5D9D520626AE361900AB1F30 /* PillView.swift in Sources */,
				5D3769762611709C00F9ED72 /* Debouncer.swift in Sources */,
				5D424D4B25C509D20008D6F4 /* PasswordResetView.swift in Sources */,
				5D424D2025C505450008D6F4 /* TextFieldUnderlined.swift in Sources */,
				5D9D520826AE4CF400AB1F30 /* EditInventoryTray.swift in Sources */,
				5DC3538F26117C7F00294DF0 /* ItemDetailView.swift in Sources */,
				5D424CD425C4FF2F0008D6F4 /* IAPManager.swift in Sources */,
				5D3E872525C5D3FC00FC65FE /* Array+Extensions.swift in Sources */,
				5D424CEE25C502F90008D6F4 /* Colors.swift in Sources */,
				5D83156B25C397C4008AB948 /* MainView.swift in Sources */,
				5D8ABBBA26B0B51200AFD8CF /* Snackbar.swift in Sources */,
				5D19B0AB26A6D76600A31F4E /* MainAction.swift in Sources */,
				5D6960BA258717430058BABE /* World.swift in Sources */,
				5D54FE2626C2C84F008CD05F /* HorizontalListItem.swift in Sources */,
				5D8ABBBF26B1C82500AFD8CF /* ScraperRequestInfo.swift in Sources */,
				5D9D51F826ADA07700AB1F30 /* Country.swift in Sources */,
				5DCC467226A8EBB9007671BC /* ToggleButton.swift in Sources */,
				5DBCB6DD25C90A510025BC23 /* StoreReviewHelper.swift in Sources */,
				5D424D4725C509AD0008D6F4 /* SignUpView.swift in Sources */,
				5D631220269330B900876D99 /* APIConfig.swift in Sources */,
				5DC00EAB25C3A331009A3AB9 /* Authenticator.swift in Sources */,
				5D19B0AC26A6D76600A31F4E /* ErrorAction.swift in Sources */,
				5DC2C105269E2BD800674756 /* View+Extensions.swift in Sources */,
				5DF03CAB25DA1CE7001856B5 /* ImageView.swift in Sources */,
				5D2D5AA325C52E9B009598AA /* AppState.swift in Sources */,
				5D36AA0B269E46300049640A /* TabBar.swift in Sources */,
				5D376979261174E100F9ED72 /* IdAble.swift in Sources */,
				5D8ABBC126B1D2E100AFD8CF /* ItemImageView.swift in Sources */,
				5D52E31226130E7500FA02B8 /* InventoryItemDetailView.swift in Sources */,
				5D6B112E26A46E3A00B6B67A /* NavigationBar.swift in Sources */,
				5D9D520426AE359C00AB1F30 /* InventoryViewPills.swift in Sources */,
				5D63124426950B2900876D99 /* AppAction.swift in Sources */,
				5D631257269669A600876D99 /* DefaultDataController.swift in Sources */,
				5D6960AD2587149A0058BABE /* ReduxStore.swift in Sources */,
				5D9D520A26AF17C900AB1F30 /* ItemImageViewWithNavBar.swift in Sources */,
			);
			runOnlyForDeploymentPostprocessing = 0;
		};
/* End PBXSourcesBuildPhase section */

/* Begin PBXVariantGroup section */
		5D6960A1258713770058BABE /* LaunchScreen.storyboard */ = {
			isa = PBXVariantGroup;
			children = (
				5D6960A2258713770058BABE /* Base */,
			);
			name = LaunchScreen.storyboard;
			sourceTree = "<group>";
		};
/* End PBXVariantGroup section */

/* Begin XCBuildConfiguration section */
		5D6960A5258713770058BABE /* Debug */ = {
			isa = XCBuildConfiguration;
			buildSettings = {
				ALWAYS_SEARCH_USER_PATHS = NO;
				CLANG_ANALYZER_NONNULL = YES;
				CLANG_ANALYZER_NUMBER_OBJECT_CONVERSION = YES_AGGRESSIVE;
				CLANG_CXX_LANGUAGE_STANDARD = "gnu++14";
				CLANG_CXX_LIBRARY = "libc++";
				CLANG_ENABLE_MODULES = YES;
				CLANG_ENABLE_OBJC_ARC = YES;
				CLANG_ENABLE_OBJC_WEAK = YES;
				CLANG_WARN_BLOCK_CAPTURE_AUTORELEASING = YES;
				CLANG_WARN_BOOL_CONVERSION = YES;
				CLANG_WARN_COMMA = YES;
				CLANG_WARN_CONSTANT_CONVERSION = YES;
				CLANG_WARN_DEPRECATED_OBJC_IMPLEMENTATIONS = YES;
				CLANG_WARN_DIRECT_OBJC_ISA_USAGE = YES_ERROR;
				CLANG_WARN_DOCUMENTATION_COMMENTS = YES;
				CLANG_WARN_EMPTY_BODY = YES;
				CLANG_WARN_ENUM_CONVERSION = YES;
				CLANG_WARN_INFINITE_RECURSION = YES;
				CLANG_WARN_INT_CONVERSION = YES;
				CLANG_WARN_NON_LITERAL_NULL_CONVERSION = YES;
				CLANG_WARN_OBJC_IMPLICIT_RETAIN_SELF = YES;
				CLANG_WARN_OBJC_LITERAL_CONVERSION = YES;
				CLANG_WARN_OBJC_ROOT_CLASS = YES_ERROR;
				CLANG_WARN_QUOTED_INCLUDE_IN_FRAMEWORK_HEADER = YES;
				CLANG_WARN_RANGE_LOOP_ANALYSIS = YES;
				CLANG_WARN_STRICT_PROTOTYPES = YES;
				CLANG_WARN_SUSPICIOUS_MOVE = YES;
				CLANG_WARN_UNGUARDED_AVAILABILITY = YES_AGGRESSIVE;
				CLANG_WARN_UNREACHABLE_CODE = YES;
				CLANG_WARN__DUPLICATE_METHOD_MATCH = YES;
				COPY_PHASE_STRIP = NO;
				DEBUG_INFORMATION_FORMAT = dwarf;
				ENABLE_STRICT_OBJC_MSGSEND = YES;
				ENABLE_TESTABILITY = YES;
				GCC_C_LANGUAGE_STANDARD = gnu11;
				GCC_DYNAMIC_NO_PIC = NO;
				GCC_NO_COMMON_BLOCKS = YES;
				GCC_OPTIMIZATION_LEVEL = 0;
				GCC_PREPROCESSOR_DEFINITIONS = (
					"DEBUG=1",
					"$(inherited)",
				);
				GCC_WARN_64_TO_32_BIT_CONVERSION = YES;
				GCC_WARN_ABOUT_RETURN_TYPE = YES_ERROR;
				GCC_WARN_UNDECLARED_SELECTOR = YES;
				GCC_WARN_UNINITIALIZED_AUTOS = YES_AGGRESSIVE;
				GCC_WARN_UNUSED_FUNCTION = YES;
				GCC_WARN_UNUSED_VARIABLE = YES;
				IPHONEOS_DEPLOYMENT_TARGET = 14.0;
				MTL_ENABLE_DEBUG_INFO = INCLUDE_SOURCE;
				MTL_FAST_MATH = YES;
				ONLY_ACTIVE_ARCH = YES;
				SDKROOT = iphoneos;
				SWIFT_ACTIVE_COMPILATION_CONDITIONS = DEBUG;
				SWIFT_OPTIMIZATION_LEVEL = "-Onone";
			};
			name = Debug;
		};
		5D6960A6258713770058BABE /* Release */ = {
			isa = XCBuildConfiguration;
			buildSettings = {
				ALWAYS_SEARCH_USER_PATHS = NO;
				CLANG_ANALYZER_NONNULL = YES;
				CLANG_ANALYZER_NUMBER_OBJECT_CONVERSION = YES_AGGRESSIVE;
				CLANG_CXX_LANGUAGE_STANDARD = "gnu++14";
				CLANG_CXX_LIBRARY = "libc++";
				CLANG_ENABLE_MODULES = YES;
				CLANG_ENABLE_OBJC_ARC = YES;
				CLANG_ENABLE_OBJC_WEAK = YES;
				CLANG_WARN_BLOCK_CAPTURE_AUTORELEASING = YES;
				CLANG_WARN_BOOL_CONVERSION = YES;
				CLANG_WARN_COMMA = YES;
				CLANG_WARN_CONSTANT_CONVERSION = YES;
				CLANG_WARN_DEPRECATED_OBJC_IMPLEMENTATIONS = YES;
				CLANG_WARN_DIRECT_OBJC_ISA_USAGE = YES_ERROR;
				CLANG_WARN_DOCUMENTATION_COMMENTS = YES;
				CLANG_WARN_EMPTY_BODY = YES;
				CLANG_WARN_ENUM_CONVERSION = YES;
				CLANG_WARN_INFINITE_RECURSION = YES;
				CLANG_WARN_INT_CONVERSION = YES;
				CLANG_WARN_NON_LITERAL_NULL_CONVERSION = YES;
				CLANG_WARN_OBJC_IMPLICIT_RETAIN_SELF = YES;
				CLANG_WARN_OBJC_LITERAL_CONVERSION = YES;
				CLANG_WARN_OBJC_ROOT_CLASS = YES_ERROR;
				CLANG_WARN_QUOTED_INCLUDE_IN_FRAMEWORK_HEADER = YES;
				CLANG_WARN_RANGE_LOOP_ANALYSIS = YES;
				CLANG_WARN_STRICT_PROTOTYPES = YES;
				CLANG_WARN_SUSPICIOUS_MOVE = YES;
				CLANG_WARN_UNGUARDED_AVAILABILITY = YES_AGGRESSIVE;
				CLANG_WARN_UNREACHABLE_CODE = YES;
				CLANG_WARN__DUPLICATE_METHOD_MATCH = YES;
				COPY_PHASE_STRIP = NO;
				DEBUG_INFORMATION_FORMAT = "dwarf-with-dsym";
				ENABLE_NS_ASSERTIONS = NO;
				ENABLE_STRICT_OBJC_MSGSEND = YES;
				GCC_C_LANGUAGE_STANDARD = gnu11;
				GCC_NO_COMMON_BLOCKS = YES;
				GCC_WARN_64_TO_32_BIT_CONVERSION = YES;
				GCC_WARN_ABOUT_RETURN_TYPE = YES_ERROR;
				GCC_WARN_UNDECLARED_SELECTOR = YES;
				GCC_WARN_UNINITIALIZED_AUTOS = YES_AGGRESSIVE;
				GCC_WARN_UNUSED_FUNCTION = YES;
				GCC_WARN_UNUSED_VARIABLE = YES;
				IPHONEOS_DEPLOYMENT_TARGET = 14.0;
				MTL_ENABLE_DEBUG_INFO = NO;
				MTL_FAST_MATH = YES;
				SDKROOT = iphoneos;
				SWIFT_COMPILATION_MODE = wholemodule;
				SWIFT_OPTIMIZATION_LEVEL = "-O";
				VALIDATE_PRODUCT = YES;
			};
			name = Release;
		};
		5D6960A8258713770058BABE /* Debug */ = {
			isa = XCBuildConfiguration;
			baseConfigurationReference = 10F05964238EC7800C0C5A21 /* Pods-SneakersnShit.debug.xcconfig */;
			buildSettings = {
				ASSETCATALOG_COMPILER_APPICON_NAME = AppIcon;
				ASSETCATALOG_COMPILER_GLOBAL_ACCENT_COLOR_NAME = AccentColor;
				CODE_SIGN_ENTITLEMENTS = SneakersnShit/SneakersnShit.entitlements;
				CODE_SIGN_STYLE = Automatic;
				DEVELOPMENT_ASSET_PATHS = "\"SneakersnShit/Preview Content\"";
				DEVELOPMENT_TEAM = TA366CU42K;
				ENABLE_PREVIEWS = YES;
				"EXCLUDED_ARCHS[sdk=iphonesimulator*]" = arm64;
				INFOPLIST_FILE = SneakersnShit/Info.plist;
				IPHONEOS_DEPLOYMENT_TARGET = 14.0;
				LD_RUNPATH_SEARCH_PATHS = (
					"$(inherited)",
					"@executable_path/Frameworks",
				);
				MARKETING_VERSION = 0.8;
				PRODUCT_BUNDLE_IDENTIFIER = istvankreisz.SneakersnShit;
				PRODUCT_NAME = "$(TARGET_NAME)";
				SWIFT_VERSION = 5.0;
				TARGETED_DEVICE_FAMILY = 1;
			};
			name = Debug;
		};
		5D6960A9258713770058BABE /* Release */ = {
			isa = XCBuildConfiguration;
			baseConfigurationReference = 780150CC93D4F13CFCC193B7 /* Pods-SneakersnShit.release.xcconfig */;
			buildSettings = {
				ASSETCATALOG_COMPILER_APPICON_NAME = AppIcon;
				ASSETCATALOG_COMPILER_GLOBAL_ACCENT_COLOR_NAME = AccentColor;
				CODE_SIGN_ENTITLEMENTS = SneakersnShit/SneakersnShit.entitlements;
				CODE_SIGN_STYLE = Automatic;
				DEVELOPMENT_ASSET_PATHS = "\"SneakersnShit/Preview Content\"";
				DEVELOPMENT_TEAM = TA366CU42K;
				ENABLE_PREVIEWS = YES;
				INFOPLIST_FILE = SneakersnShit/Info.plist;
				IPHONEOS_DEPLOYMENT_TARGET = 14.0;
				LD_RUNPATH_SEARCH_PATHS = (
					"$(inherited)",
					"@executable_path/Frameworks",
				);
				MARKETING_VERSION = 0.8;
				PRODUCT_BUNDLE_IDENTIFIER = istvankreisz.SneakersnShit;
				PRODUCT_NAME = "$(TARGET_NAME)";
				SWIFT_VERSION = 5.0;
				TARGETED_DEVICE_FAMILY = 1;
			};
			name = Release;
		};
/* End XCBuildConfiguration section */

/* Begin XCConfigurationList section */
		5D69608E258713760058BABE /* Build configuration list for PBXProject "SneakersnShit" */ = {
			isa = XCConfigurationList;
			buildConfigurations = (
				5D6960A5258713770058BABE /* Debug */,
				5D6960A6258713770058BABE /* Release */,
			);
			defaultConfigurationIsVisible = 0;
			defaultConfigurationName = Release;
		};
		5D6960A7258713770058BABE /* Build configuration list for PBXNativeTarget "SneakersnShit" */ = {
			isa = XCConfigurationList;
			buildConfigurations = (
				5D6960A8258713770058BABE /* Debug */,
				5D6960A9258713770058BABE /* Release */,
			);
			defaultConfigurationIsVisible = 0;
			defaultConfigurationName = Release;
		};
/* End XCConfigurationList section */

/* Begin XCRemoteSwiftPackageReference section */
		5D9D51F926AE1BE500AB1F30 /* XCRemoteSwiftPackageReference "Nuke" */ = {
			isa = XCRemoteSwiftPackageReference;
			repositoryURL = "https://github.com/kean/Nuke.git";
			requirement = {
				kind = upToNextMajorVersion;
				minimumVersion = 10.3.1;
			};
		};
		5D9D51FC26AE1C0B00AB1F30 /* XCRemoteSwiftPackageReference "NukeUI" */ = {
			isa = XCRemoteSwiftPackageReference;
			repositoryURL = "https://github.com/kean/NukeUI.git";
			requirement = {
				kind = upToNextMajorVersion;
				minimumVersion = 0.6.4;
			};
		};
		5DCC466626A7A96C007671BC /* XCRemoteSwiftPackageReference "facebook-ios-sdk" */ = {
			isa = XCRemoteSwiftPackageReference;
			repositoryURL = "https://github.com/facebook/facebook-ios-sdk";
			requirement = {
				kind = upToNextMajorVersion;
				minimumVersion = 11.0.1;
			};
		};
/* End XCRemoteSwiftPackageReference section */

/* Begin XCSwiftPackageProductDependency section */
		5D9D51FA26AE1BE500AB1F30 /* Nuke */ = {
			isa = XCSwiftPackageProductDependency;
			package = 5D9D51F926AE1BE500AB1F30 /* XCRemoteSwiftPackageReference "Nuke" */;
			productName = Nuke;
		};
		5D9D51FD26AE1C0B00AB1F30 /* NukeUI */ = {
			isa = XCSwiftPackageProductDependency;
			package = 5D9D51FC26AE1C0B00AB1F30 /* XCRemoteSwiftPackageReference "NukeUI" */;
			productName = NukeUI;
		};
		5DCC466726A7A96C007671BC /* FacebookCore */ = {
			isa = XCSwiftPackageProductDependency;
			package = 5DCC466626A7A96C007671BC /* XCRemoteSwiftPackageReference "facebook-ios-sdk" */;
			productName = FacebookCore;
		};
		5DCC466926A7A96C007671BC /* FacebookLogin */ = {
			isa = XCSwiftPackageProductDependency;
			package = 5DCC466626A7A96C007671BC /* XCRemoteSwiftPackageReference "facebook-ios-sdk" */;
			productName = FacebookLogin;
		};
/* End XCSwiftPackageProductDependency section */
	};
	rootObject = 5D69608B258713760058BABE /* Project object */;
}
